<?xml version="1.0" encoding="utf-8"?>
<Project ToolsVersion="4.0" xmlns="http://schemas.microsoft.com/developer/msbuild/2003">
  <ItemGroup>
    <ClCompile Include="horizontalblurshader.cpp" />
    <ClCompile Include="light.cpp" />
    <ClCompile Include="main.cpp" />
    <ClCompile Include="model.cpp" />
    <ClCompile Include="orthowindow.cpp" />
    <ClCompile Include="position.cpp" />
    <ClCompile Include="rendertexture.cpp" />
    <ClCompile Include="ShaderParameterContainer.cpp" />
    <ClCompile Include="shadowshader.cpp" />
    <ClCompile Include="softshadowshader.cpp" />
    <ClCompile Include="System.cpp" />
    <ClCompile Include="texture.cpp" />
    <ClCompile Include="textureshader.cpp" />
    <ClCompile Include="verticalblurshader.cpp" />
    <ClCompile Include="depthshader.cpp" />
    <ClCompile Include="Graphics.cpp" />
    <ClCompile Include="RenderPass.cpp" />
    <ClCompile Include="RenderableObject.cpp" />
    <ClCompile Include="pbrshader.cpp" />
    <ClCompile Include="ShaderBase.cpp" />
    <ClCompile Include="RenderGraph.cpp" />
    <ClCompile Include="ResourceManager.cpp" />
    <ClCompile Include="ShaderParameterValidator.cpp" />
    <ClCompile Include="refractionshader.cpp" />
    <ClCompile Include="scenelightshader.cpp" />
    <ClCompile Include="watershader.cpp" />
    <ClCompile Include="font.cpp" />
    <ClCompile Include="fontshader.cpp" />
    <ClCompile Include="Frustum.cpp" />
    <ClCompile Include="text.cpp" />
    <ClCompile Include="simplelightshader.cpp" />
    <ClCompile Include="Logger.cpp" />
    <ClCompile Include="BoundingVolume.cpp" />
    <ClCompile Include="SceneConfig.cpp" />
    <ClCompile Include="Scene.cpp" />
    <ClCompile Include="ConfigValidator.cpp" />
    <ClCompile Include="ShaderParameterContainerTests.cpp" />
    <ClCompile Include="ShaderParameterReflection.cpp" />
  </ItemGroup>
  <ItemGroup>
    <ClInclude Include="depthshader.h" />
    <ClInclude Include="Graphics.h" />
    <ClInclude Include="horizontalblurshader.h" />
    <ClInclude Include="Interfaces.h" />
    <ClInclude Include="light.h" />
    <ClInclude Include="model.h" />
    <ClInclude Include="orthowindow.h" />
    <ClInclude Include="position.h" />
    <ClInclude Include="rendertexture.h" />
    <ClInclude Include="ShaderParameterContainer.h" />
    <ClInclude Include="shadowshader.h" />
    <ClInclude Include="softshadowshader.h" />
    <ClInclude Include="System.h" />
    <ClInclude Include="texture.h" />
    <ClInclude Include="textureshader.h" />
    <ClInclude Include="verticalblurshader.h" />
    <ClInclude Include="RenderPass.h" />
    <ClInclude Include="RenderableObject.h" />
    <ClInclude Include="pbrshader.h" />
    <ClInclude Include="ShaderBase.h" />
    <ClInclude Include="RenderGraph.h" />
    <ClInclude Include="ResourceManager.h" />
    <ClInclude Include="ShaderParameterValidator.h" />
    <ClInclude Include="refractionshader.h" />
    <ClInclude Include="scenelightshader.h" />
    <ClInclude Include="watershader.h" />
    <ClInclude Include="font.h" />
    <ClInclude Include="fontshader.h" />
    <ClInclude Include="Frustum.h" />
    <ClInclude Include="text.h" />
    <ClInclude Include="simplelightshader.h" />
    <ClInclude Include="Logger.h" />
    <ClInclude Include="BoundingVolume.h" />
    <ClInclude Include="SceneConfig.h" />
    <ClInclude Include="Scene.h" />
    <ClInclude Include="ConfigValidator.h" />
    <ClInclude Include="ShaderParameterContainerTests.h" />
  </ItemGroup>
  <ItemGroup>
    <None Include="depth.ps" />
    <None Include="depth.vs" />
    <None Include="horizontalblur.ps" />
    <None Include="horizontalblur.vs" />
    <None Include="shadow.ps" />
    <None Include="shadow.vs" />
    <None Include="softshadow.ps" />
    <None Include="softshadow.vs" />
    <None Include="texture.ps" />
    <None Include="texture.vs" />
    <None Include="verticalblur.ps" />
    <None Include="verticalblur.vs" />
    <None Include="pbr.ps" />
    <None Include="pbr.vs" />
    <None Include="light.ps" />
    <None Include="light.vs" />
    <None Include="refraction.ps" />
    <None Include="refraction.vs" />
    <None Include="water.ps" />
    <None Include="water.vs" />
    <None Include="font.hlsl" />
    <None Include="simplelight.ps" />
    <None Include="simplelight.vs" />
  </ItemGroup>
</Project>