<?xml version="1.0" encoding="utf-8"?>
<Project ToolsVersion="4.0" xmlns="http://schemas.microsoft.com/developer/msbuild/2003">
  <ItemGroup>
    <Filter Include="include">
      <UniqueIdentifier>{93995380-89BD-4b04-88EB-625FBE52EBFB}</UniqueIdentifier>
    </Filter>
    <Filter Include="lib">
      <UniqueIdentifier>{4FC737F1-C7A5-4376-A066-2A32D752A2FF}</UniqueIdentifier>
      <Extensions>cpp;c;cc;cxx;def;odl;idl;hpj;bat;asm;asmx</Extensions>
    </Filter>
    <Filter Include="shader">
      <UniqueIdentifier>{67DA6AB6-F800-4c08-8B7A-83BB121AAD01}</UniqueIdentifier>
      <Extensions>hlsl;ps;vs</Extensions>
    </Filter>
  </ItemGroup>
  <ItemGroup>
    <ClCompile Include="lib\BoundingVolume.cpp">
      <Filter>lib</Filter>
    </ClCompile>
    <ClCompile Include="lib\ConfigValidator.cpp">
      <Filter>lib</Filter>
    </ClCompile>
    <ClCompile Include="lib\DepthShader.cpp">
      <Filter>lib</Filter>
    </ClCompile>
    <ClCompile Include="lib\Font.cpp">
      <Filter>lib</Filter>
    </ClCompile>
    <ClCompile Include="lib\FontShader.cpp">
      <Filter>lib</Filter>
    </ClCompile>
    <ClCompile Include="lib\Frustum.cpp">
      <Filter>lib</Filter>
    </ClCompile>
    <ClCompile Include="lib\Graphics.cpp">
      <Filter>lib</Filter>
    </ClCompile>
    <ClCompile Include="lib\HorizontalBlurShader.cpp">
      <Filter>lib</Filter>
    </ClCompile>
    <ClCompile Include="lib\Light.cpp">
      <Filter>lib</Filter>
    </ClCompile>
    <ClCompile Include="lib\Logger.cpp">
      <Filter>lib</Filter>
    </ClCompile>
    <ClCompile Include="lib\main.cpp">
      <Filter>lib</Filter>
    </ClCompile>
    <ClCompile Include="lib\Model.cpp">
      <Filter>lib</Filter>
    </ClCompile>
    <ClCompile Include="lib\OrthoWindow.cpp">
      <Filter>lib</Filter>
    </ClCompile>
    <ClCompile Include="lib\PbrShader.cpp">
      <Filter>lib</Filter>
    </ClCompile>
    <ClCompile Include="lib\Position.cpp">
      <Filter>lib</Filter>
    </ClCompile>
    <ClCompile Include="lib\RefractionShader.cpp">
      <Filter>lib</Filter>
    </ClCompile>
    <ClCompile Include="lib\RenderableObject.cpp">
      <Filter>lib</Filter>
    </ClCompile>
    <ClCompile Include="lib\RenderGraph.cpp">
      <Filter>lib</Filter>
    </ClCompile>
    <ClCompile Include="lib\RenderPass.cpp">
      <Filter>lib</Filter>
    </ClCompile>
    <ClCompile Include="lib\RenderTexture.cpp">
      <Filter>lib</Filter>
    </ClCompile>
    <ClCompile Include="lib\ResourceManager.cpp">
      <Filter>lib</Filter>
    </ClCompile>
    <ClCompile Include="lib\ResourceRegistry.cpp">
      <Filter>lib</Filter>
    </ClCompile>
    <ClCompile Include="lib\Scene.cpp">
      <Filter>lib</Filter>
    </ClCompile>
    <ClCompile Include="lib\SceneConfig.cpp">
      <Filter>lib</Filter>
    </ClCompile>
    <ClCompile Include="lib\SceneLightShader.cpp">
      <Filter>lib</Filter>
    </ClCompile>
    <ClCompile Include="lib\ShaderBase.cpp">
      <Filter>lib</Filter>
    </ClCompile>
    <ClCompile Include="lib\ShaderParameter.cpp">
      <Filter>lib</Filter>
    </ClCompile>
    <ClCompile Include="lib\ShaderParameterContainerTests.cpp">
      <Filter>lib</Filter>
    </ClCompile>
    <ClCompile Include="lib\ShaderParameterValidator.cpp">
      <Filter>lib</Filter>
    </ClCompile>
    <ClCompile Include="lib\ShadowShader.cpp">
      <Filter>lib</Filter>
    </ClCompile>
    <ClCompile Include="lib\SimpleLightShader.cpp">
      <Filter>lib</Filter>
    </ClCompile>
    <ClCompile Include="lib\SoftShadowShader.cpp">
      <Filter>lib</Filter>
    </ClCompile>
    <ClCompile Include="lib\System.cpp">
      <Filter>lib</Filter>
    </ClCompile>
    <ClCompile Include="lib\Text.cpp">
      <Filter>lib</Filter>
    </ClCompile>
    <ClCompile Include="lib\Texture.cpp">
      <Filter>lib</Filter>
    </ClCompile>
    <ClCompile Include="lib\TextureShader.cpp">
      <Filter>lib</Filter>
    </ClCompile>
    <ClCompile Include="lib\VerticalBlurShader.cpp">
      <Filter>lib</Filter>
    </ClCompile>
    <ClCompile Include="lib\WaterShader.cpp">
      <Filter>lib</Filter>
    </ClCompile>
  </ItemGroup>
  <ItemGroup>
    <ClInclude Include="include\BoundingVolume.h">
      <Filter>include</Filter>
    </ClInclude>
    <ClInclude Include="include\ConfigValidator.h">
      <Filter>include</Filter>
    </ClInclude>
    <ClInclude Include="include\DepthShader.h">
      <Filter>include</Filter>
    </ClInclude>
    <ClInclude Include="include\Font.h">
      <Filter>include</Filter>
    </ClInclude>
    <ClInclude Include="include\FontShader.h">
      <Filter>include</Filter>
    </ClInclude>
    <ClInclude Include="include\Frustum.h">
      <Filter>include</Filter>
    </ClInclude>
    <ClInclude Include="include\Graphics.h">
      <Filter>include</Filter>
    </ClInclude>
    <ClInclude Include="include\HorizontalBlurShader.h">
      <Filter>include</Filter>
    </ClInclude>
    <ClInclude Include="include\Interfaces.h">
      <Filter>include</Filter>
    </ClInclude>
    <ClInclude Include="include\Light.h">
      <Filter>include</Filter>
    </ClInclude>
    <ClInclude Include="include\Logger.h">
      <Filter>include</Filter>
    </ClInclude>
    <ClInclude Include="include\Model.h">
      <Filter>include</Filter>
    </ClInclude>
    <ClInclude Include="include\OrthoWindow.h">
      <Filter>include</Filter>
    </ClInclude>
    <ClInclude Include="include\PbrShader.h">
      <Filter>include</Filter>
    </ClInclude>
    <ClInclude Include="include\Position.h">
      <Filter>include</Filter>
    </ClInclude>
    <ClInclude Include="include\RefractionShader.h">
      <Filter>include</Filter>
    </ClInclude>
    <ClInclude Include="include\RenderableObject.h">
      <Filter>include</Filter>
    </ClInclude>
    <ClInclude Include="include\RenderGraph.h">
      <Filter>include</Filter>
    </ClInclude>
    <ClInclude Include="include\RenderPass.h">
      <Filter>include</Filter>
    </ClInclude>
    <ClInclude Include="include\RenderTexture.h">
      <Filter>include</Filter>
    </ClInclude>
    <ClInclude Include="include\ResourceManager.h">
      <Filter>include</Filter>
    </ClInclude>
    <ClInclude Include="include\ResourceRegistry.h">
      <Filter>include</Filter>
    </ClInclude>
    <ClInclude Include="include\Scene.h">
      <Filter>include</Filter>
    </ClInclude>
    <ClInclude Include="include\SceneConfig.h">
      <Filter>include</Filter>
    </ClInclude>
    <ClInclude Include="include\SceneLightShader.h">
      <Filter>include</Filter>
    </ClInclude>
    <ClInclude Include="include\ShaderBase.h">
      <Filter>include</Filter>
    </ClInclude>
    <ClInclude Include="include\ShaderParameter.h">
      <Filter>include</Filter>
    </ClInclude>
    <ClInclude Include="include\ShaderParameterContainerTests.h">
      <Filter>include</Filter>
    </ClInclude>
    <ClInclude Include="include\ShaderParameterValidator.h">
      <Filter>include</Filter>
    </ClInclude>
    <ClInclude Include="include\ShadowShader.h">
      <Filter>include</Filter>
    </ClInclude>
    <ClInclude Include="include\SimpleLightShader.h">
      <Filter>include</Filter>
    </ClInclude>
    <ClInclude Include="include\SoftShadowShader.h">
      <Filter>include</Filter>
    </ClInclude>
    <ClInclude Include="include\System.h">
      <Filter>include</Filter>
    </ClInclude>
    <ClInclude Include="include\Text.h">
      <Filter>include</Filter>
    </ClInclude>
    <ClInclude Include="include\Texture.h">
      <Filter>include</Filter>
    </ClInclude>
    <ClInclude Include="include\TextureShader.h">
      <Filter>include</Filter>
    </ClInclude>
    <ClInclude Include="include\VerticalBlurShader.h">
      <Filter>include</Filter>
    </ClInclude>
    <ClInclude Include="include\WaterShader.h">
      <Filter>include</Filter>
    </ClInclude>
  </ItemGroup>
  <ItemGroup>
    <None Include="shader\depth.ps">
      <Filter>shader</Filter>
    </None>
    <None Include="shader\depth.vs">
      <Filter>shader</Filter>
    </None>
    <None Include="shader\font.hlsl">
      <Filter>shader</Filter>
    </None>
    <None Include="shader\horizontalblur.ps">
      <Filter>shader</Filter>
    </None>
    <None Include="shader\horizontalblur.vs">
      <Filter>shader</Filter>
    </None>
    <None Include="shader\light.ps">
      <Filter>shader</Filter>
    </None>
    <None Include="shader\light.vs">
      <Filter>shader</Filter>
    </None>
    <None Include="shader\pbr.ps">
      <Filter>shader</Filter>
    </None>
    <None Include="shader\pbr.vs">
      <Filter>shader</Filter>
    </None>
    <None Include="shader\refraction.ps">
      <Filter>shader</Filter>
    </None>
    <None Include="shader\refraction.vs">
      <Filter>shader</Filter>
    </None>
    <None Include="shader\shadow.ps">
      <Filter>shader</Filter>
    </None>
    <None Include="shader\shadow.vs">
      <Filter>shader</Filter>
    </None>
    <None Include="shader\simplelight.ps">
      <Filter>shader</Filter>
    </None>
    <None Include="shader\simplelight.vs">
      <Filter>shader</Filter>
    </None>
    <None Include="shader\softshadow.ps">
      <Filter>shader</Filter>
    </None>
    <None Include="shader\softshadow.vs">
      <Filter>shader</Filter>
    </None>
    <None Include="shader\texture.ps">
      <Filter>shader</Filter>
    </None>
    <None Include="shader\texture.vs">
      <Filter>shader</Filter>
    </None>
    <None Include="shader\verticalblur.ps">
      <Filter>shader</Filter>
    </None>
    <None Include="shader\verticalblur.vs">
      <Filter>shader</Filter>
    </None>
    <None Include="shader\water.ps">
      <Filter>shader</Filter>
    </None>
    <None Include="shader\water.vs">
      <Filter>shader</Filter>
    </None>
  </ItemGroup>
</Project>
