
Microsoft Visual Studio Solution File, Format Version 12.00
# Visual Studio Version 17
VisualStudioVersion = 17.12.35514.174 d17.12
MinimumVisualStudioVersion = 10.0.40219.1
Project("{8BC9CEB8-8B4A-11D0-8D11-00A0C91BC942}") = "21_draw_instance", "27_draw_instance.vcxproj", "{B81BEF9A-CA93-465A-B479-5CDBA3C3B166}"
	ProjectSection(ProjectDependencies) = postProject
		{6FCB998B-4E37-4CAC-8C7B-55D73F23E155} = {6FCB998B-4E37-4CAC-8C7B-55D73F23E155}
	EndProjectSection
EndProject
Project("{8BC9CEB8-8B4A-11D0-8D11-00A0C91BC942}") = "common_framework", "..\CommonFramework\CommonFramework.vcxproj", "{6FCB998B-4E37-4CAC-8C7B-55D73F23E155}"
EndProject
Global
	GlobalSection(SolutionConfigurationPlatforms) = preSolution
		Debug|x64 = Debug|x64
		Debug|x86 = Debug|x86
		Release|x64 = Release|x64
		Release|x86 = Release|x86
	EndGlobalSection
	GlobalSection(ProjectConfigurationPlatforms) = postSolution
		{B81BEF9A-CA93-465A-B479-5CDBA3C3B166}.Debug|x64.ActiveCfg = Debug|x64
		{B81BEF9A-CA93-465A-B479-5CDBA3C3B166}.Debug|x64.Build.0 = Debug|x64
		{B81BEF9A-CA93-465A-B479-5CDBA3C3B166}.Debug|x86.ActiveCfg = Debug|Win32
		{B81BEF9A-CA93-465A-B479-5CDBA3C3B166}.Debug|x86.Build.0 = Debug|Win32
		{B81BEF9A-CA93-465A-B479-5CDBA3C3B166}.Release|x64.ActiveCfg = Release|x64
		{B81BEF9A-CA93-465A-B479-5CDBA3C3B166}.Release|x64.Build.0 = Release|x64
		{B81BEF9A-CA93-465A-B479-5CDBA3C3B166}.Release|x86.ActiveCfg = Release|Win32
		{B81BEF9A-CA93-465A-B479-5CDBA3C3B166}.Release|x86.Build.0 = Release|Win32
		{6FCB998B-4E37-4CAC-8C7B-55D73F23E155}.Debug|x64.ActiveCfg = Debug|x64
		{6FCB998B-4E37-4CAC-8C7B-55D73F23E155}.Debug|x64.Build.0 = Debug|x64
		{6FCB998B-4E37-4CAC-8C7B-55D73F23E155}.Debug|x86.ActiveCfg = Debug|Win32
		{6FCB998B-4E37-4CAC-8C7B-55D73F23E155}.Debug|x86.Build.0 = Debug|Win32
		{6FCB998B-4E37-4CAC-8C7B-55D73F23E155}.Release|x64.ActiveCfg = Release|x64
		{6FCB998B-4E37-4CAC-8C7B-55D73F23E155}.Release|x64.Build.0 = Release|x64
		{6FCB998B-4E37-4CAC-8C7B-55D73F23E155}.Release|x86.ActiveCfg = Release|Win32
		{6FCB998B-4E37-4CAC-8C7B-55D73F23E155}.Release|x86.Build.0 = Release|Win32
	EndGlobalSection
	GlobalSection(SolutionProperties) = preSolution
		HideSolutionNode = FALSE
	EndGlobalSection
	GlobalSection(ExtensibilityGlobals) = postSolution
		SolutionGuid = {4688F252-A080-44CE-9C53-B4018F5B6349}
	EndGlobalSection
EndGlobal
