<?xml version="1.0" encoding="utf-8"?>
<Project ToolsVersion="4.0" xmlns="http://schemas.microsoft.com/developer/msbuild/2003">
  <ItemGroup>
    <Filter Include="Source Files">
      <UniqueIdentifier>{4FC737F1-C7A5-4376-A066-2A32D752A2FF}</UniqueIdentifier>
      <Extensions>cpp;c;cc;cxx;def;odl;idl;hpj;bat;asm;asmx</Extensions>
    </Filter>
    <Filter Include="Header Files">
      <UniqueIdentifier>{93995380-89BD-4b04-88EB-625FBE52EBFB}</UniqueIdentifier>
      <Extensions>h;hh;hpp;hxx;hm;inl;inc;xsd</Extensions>
    </Filter>
    <Filter Include="Resource Files">
      <UniqueIdentifier>{67DA6AB6-F800-4c08-8B7A-83BB121AAD01}</UniqueIdentifier>
      <Extensions>rc;ico;cur;bmp;dlg;rc2;rct;bin;rgs;gif;jpg;jpeg;jpe;resx;tiff;tif;png;wav</Extensions>
    </Filter>
  </ItemGroup>
  <ItemGroup>
    <ClCompile Include="0_simple_triangle\colorshaderclass.cpp">
      <Filter>Source Files</Filter>
    </ClCompile>
    <ClCompile Include="0_simple_triangle\Graphics.cpp">
      <Filter>Source Files</Filter>
    </ClCompile>
    <ClCompile Include="0_simple_triangle\main.cpp">
      <Filter>Source Files</Filter>
    </ClCompile>
    <ClCompile Include="0_simple_triangle\modelclass.cpp">
      <Filter>Source Files</Filter>
    </ClCompile>
    <ClCompile Include="0_simple_triangle\System.cpp">
      <Filter>Source Files</Filter>
    </ClCompile>
    <ClCompile Include="1_simple_movable_surface\GraphicsModule.cpp">
      <Filter>Source Files</Filter>
    </ClCompile>
    <ClCompile Include="1_simple_movable_surface\main.cpp">
      <Filter>Source Files</Filter>
    </ClCompile>
    <ClCompile Include="1_simple_movable_surface\modelclass.cpp">
      <Filter>Source Files</Filter>
    </ClCompile>
    <ClCompile Include="1_simple_movable_surface\SimpleMovableSurface.cpp">
      <Filter>Source Files</Filter>
    </ClCompile>
    <ClCompile Include="1_simple_movable_surface\SimpleTexture.cpp">
      <Filter>Source Files</Filter>
    </ClCompile>
    <ClCompile Include="1_simple_movable_surface\System.cpp">
      <Filter>Source Files</Filter>
    </ClCompile>
    <ClCompile Include="1_simple_movable_surface\TextureShader.cpp">
      <Filter>Source Files</Filter>
    </ClCompile>
    <ClCompile Include="10_frustum_culling\fontclass.cpp">
      <Filter>Source Files</Filter>
    </ClCompile>
    <ClCompile Include="10_frustum_culling\fontshaderclass.cpp">
      <Filter>Source Files</Filter>
    </ClCompile>
    <ClCompile Include="10_frustum_culling\Frustum.cpp">
      <Filter>Source Files</Filter>
    </ClCompile>
    <ClCompile Include="10_frustum_culling\Graphics.cpp">
      <Filter>Source Files</Filter>
    </ClCompile>
    <ClCompile Include="10_frustum_culling\lightclass.cpp">
      <Filter>Source Files</Filter>
    </ClCompile>
    <ClCompile Include="10_frustum_culling\lightshaderclass.cpp">
      <Filter>Source Files</Filter>
    </ClCompile>
    <ClCompile Include="10_frustum_culling\main.cpp">
      <Filter>Source Files</Filter>
    </ClCompile>
    <ClCompile Include="10_frustum_culling\modelclass.cpp">
      <Filter>Source Files</Filter>
    </ClCompile>
    <ClCompile Include="10_frustum_culling\modellistclass.cpp">
      <Filter>Source Files</Filter>
    </ClCompile>
    <ClCompile Include="10_frustum_culling\positionclass.cpp">
      <Filter>Source Files</Filter>
    </ClCompile>
    <ClCompile Include="10_frustum_culling\System.cpp">
      <Filter>Source Files</Filter>
    </ClCompile>
    <ClCompile Include="10_frustum_culling\textclass.cpp">
      <Filter>Source Files</Filter>
    </ClCompile>
    <ClCompile Include="10_frustum_culling\textureclass.cpp">
      <Filter>Source Files</Filter>
    </ClCompile>
    <ClCompile Include="11_bump_mapping\bumpmapshaderclass.cpp">
      <Filter>Source Files</Filter>
    </ClCompile>
    <ClCompile Include="11_bump_mapping\Graphics.cpp">
      <Filter>Source Files</Filter>
    </ClCompile>
    <ClCompile Include="11_bump_mapping\lightclass.cpp">
      <Filter>Source Files</Filter>
    </ClCompile>
    <ClCompile Include="11_bump_mapping\main.cpp">
      <Filter>Source Files</Filter>
    </ClCompile>
    <ClCompile Include="11_bump_mapping\modelclass.cpp">
      <Filter>Source Files</Filter>
    </ClCompile>
    <ClCompile Include="11_bump_mapping\System.cpp">
      <Filter>Source Files</Filter>
    </ClCompile>
    <ClCompile Include="11_bump_mapping\texturearrayclass.cpp">
      <Filter>Source Files</Filter>
    </ClCompile>
    <ClCompile Include="12_specular_mapping\Graphics.cpp">
      <Filter>Source Files</Filter>
    </ClCompile>
    <ClCompile Include="12_specular_mapping\lightclass.cpp">
      <Filter>Source Files</Filter>
    </ClCompile>
    <ClCompile Include="12_specular_mapping\main.cpp">
      <Filter>Source Files</Filter>
    </ClCompile>
    <ClCompile Include="12_specular_mapping\modelclass.cpp">
      <Filter>Source Files</Filter>
    </ClCompile>
    <ClCompile Include="12_specular_mapping\specmapshaderclass.cpp">
      <Filter>Source Files</Filter>
    </ClCompile>
    <ClCompile Include="12_specular_mapping\System.cpp">
      <Filter>Source Files</Filter>
    </ClCompile>
    <ClCompile Include="12_specular_mapping\texturearrayclass.cpp">
      <Filter>Source Files</Filter>
    </ClCompile>
    <ClCompile Include="13_render_to_texture\debugwindowclass.cpp">
      <Filter>Source Files</Filter>
    </ClCompile>
    <ClCompile Include="13_render_to_texture\Graphics.cpp">
      <Filter>Source Files</Filter>
    </ClCompile>
    <ClCompile Include="13_render_to_texture\lightclass.cpp">
      <Filter>Source Files</Filter>
    </ClCompile>
    <ClCompile Include="13_render_to_texture\lightshaderclass.cpp">
      <Filter>Source Files</Filter>
    </ClCompile>
    <ClCompile Include="13_render_to_texture\main.cpp">
      <Filter>Source Files</Filter>
    </ClCompile>
    <ClCompile Include="13_render_to_texture\modelclass.cpp">
      <Filter>Source Files</Filter>
    </ClCompile>
    <ClCompile Include="13_render_to_texture\rendertextureclass.cpp">
      <Filter>Source Files</Filter>
    </ClCompile>
    <ClCompile Include="13_render_to_texture\System.cpp">
      <Filter>Source Files</Filter>
    </ClCompile>
    <ClCompile Include="13_render_to_texture\textureclass.cpp">
      <Filter>Source Files</Filter>
    </ClCompile>
    <ClCompile Include="13_render_to_texture\textureshaderclass.cpp">
      <Filter>Source Files</Filter>
    </ClCompile>
    <ClCompile Include="14_post_process_fog\fogshaderclass.cpp">
      <Filter>Source Files</Filter>
    </ClCompile>
    <ClCompile Include="14_post_process_fog\Graphics.cpp">
      <Filter>Source Files</Filter>
    </ClCompile>
    <ClCompile Include="14_post_process_fog\main.cpp">
      <Filter>Source Files</Filter>
    </ClCompile>
    <ClCompile Include="14_post_process_fog\modelclass.cpp">
      <Filter>Source Files</Filter>
    </ClCompile>
    <ClCompile Include="14_post_process_fog\System.cpp">
      <Filter>Source Files</Filter>
    </ClCompile>
    <ClCompile Include="14_post_process_fog\textureclass.cpp">
      <Filter>Source Files</Filter>
    </ClCompile>
    <ClCompile Include="15_clipping_plane\clipplaneshaderclass.cpp">
      <Filter>Source Files</Filter>
    </ClCompile>
    <ClCompile Include="15_clipping_plane\Graphics.cpp">
      <Filter>Source Files</Filter>
    </ClCompile>
    <ClCompile Include="15_clipping_plane\main.cpp">
      <Filter>Source Files</Filter>
    </ClCompile>
    <ClCompile Include="15_clipping_plane\modelclass.cpp">
      <Filter>Source Files</Filter>
    </ClCompile>
    <ClCompile Include="15_clipping_plane\System.cpp">
      <Filter>Source Files</Filter>
    </ClCompile>
    <ClCompile Include="15_clipping_plane\textureclass.cpp">
      <Filter>Source Files</Filter>
    </ClCompile>
    <ClCompile Include="16_texture_translation\Graphics.cpp">
      <Filter>Source Files</Filter>
    </ClCompile>
    <ClCompile Include="16_texture_translation\main.cpp">
      <Filter>Source Files</Filter>
    </ClCompile>
    <ClCompile Include="16_texture_translation\modelclass.cpp">
      <Filter>Source Files</Filter>
    </ClCompile>
    <ClCompile Include="16_texture_translation\System.cpp">
      <Filter>Source Files</Filter>
    </ClCompile>
    <ClCompile Include="16_texture_translation\textureclass.cpp">
      <Filter>Source Files</Filter>
    </ClCompile>
    <ClCompile Include="16_texture_translation\translateshaderclass.cpp">
      <Filter>Source Files</Filter>
    </ClCompile>
    <ClCompile Include="17_transparency\Graphics.cpp">
      <Filter>Source Files</Filter>
    </ClCompile>
    <ClCompile Include="17_transparency\main.cpp">
      <Filter>Source Files</Filter>
    </ClCompile>
    <ClCompile Include="17_transparency\modelclass.cpp">
      <Filter>Source Files</Filter>
    </ClCompile>
    <ClCompile Include="17_transparency\System.cpp">
      <Filter>Source Files</Filter>
    </ClCompile>
    <ClCompile Include="17_transparency\textureclass.cpp">
      <Filter>Source Files</Filter>
    </ClCompile>
    <ClCompile Include="17_transparency\textureshaderclass.cpp">
      <Filter>Source Files</Filter>
    </ClCompile>
    <ClCompile Include="17_transparency\transparentshaderclass.cpp">
      <Filter>Source Files</Filter>
    </ClCompile>
    <ClCompile Include="18_reflection\Graphics.cpp">
      <Filter>Source Files</Filter>
    </ClCompile>
    <ClCompile Include="18_reflection\main.cpp">
      <Filter>Source Files</Filter>
    </ClCompile>
    <ClCompile Include="18_reflection\modelclass.cpp">
      <Filter>Source Files</Filter>
    </ClCompile>
    <ClCompile Include="18_reflection\reflectionshaderclass.cpp">
      <Filter>Source Files</Filter>
    </ClCompile>
    <ClCompile Include="18_reflection\rendertextureclass.cpp">
      <Filter>Source Files</Filter>
    </ClCompile>
    <ClCompile Include="18_reflection\System.cpp">
      <Filter>Source Files</Filter>
    </ClCompile>
    <ClCompile Include="18_reflection\textureclass.cpp">
      <Filter>Source Files</Filter>
    </ClCompile>
    <ClCompile Include="18_reflection\textureshaderclass.cpp">
      <Filter>Source Files</Filter>
    </ClCompile>
    <ClCompile Include="19_screen_fade\bitmapclass.cpp">
      <Filter>Source Files</Filter>
    </ClCompile>
    <ClCompile Include="19_screen_fade\fadeshaderclass.cpp">
      <Filter>Source Files</Filter>
    </ClCompile>
    <ClCompile Include="19_screen_fade\Graphics.cpp">
      <Filter>Source Files</Filter>
    </ClCompile>
    <ClCompile Include="19_screen_fade\main.cpp">
      <Filter>Source Files</Filter>
    </ClCompile>
    <ClCompile Include="19_screen_fade\modelclass.cpp">
      <Filter>Source Files</Filter>
    </ClCompile>
    <ClCompile Include="19_screen_fade\rendertextureclass.cpp">
      <Filter>Source Files</Filter>
    </ClCompile>
    <ClCompile Include="19_screen_fade\System.cpp">
      <Filter>Source Files</Filter>
    </ClCompile>
    <ClCompile Include="19_screen_fade\textureclass.cpp">
      <Filter>Source Files</Filter>
    </ClCompile>
    <ClCompile Include="19_screen_fade\textureshaderclass.cpp">
      <Filter>Source Files</Filter>
    </ClCompile>
    <ClCompile Include="20_refraction\Graphics.cpp">
      <Filter>Source Files</Filter>
    </ClCompile>
    <ClCompile Include="20_refraction\lightclass.cpp">
      <Filter>Source Files</Filter>
    </ClCompile>
    <ClCompile Include="20_refraction\lightshaderclass.cpp">
      <Filter>Source Files</Filter>
    </ClCompile>
    <ClCompile Include="20_refraction\main.cpp">
      <Filter>Source Files</Filter>
    </ClCompile>
    <ClCompile Include="20_refraction\modelclass.cpp">
      <Filter>Source Files</Filter>
    </ClCompile>
    <ClCompile Include="20_refraction\refractionshaderclass.cpp">
      <Filter>Source Files</Filter>
    </ClCompile>
    <ClCompile Include="20_refraction\rendertextureclass.cpp">
      <Filter>Source Files</Filter>
    </ClCompile>
    <ClCompile Include="20_refraction\System.cpp">
      <Filter>Source Files</Filter>
    </ClCompile>
    <ClCompile Include="20_refraction\textureclass.cpp">
      <Filter>Source Files</Filter>
    </ClCompile>
    <ClCompile Include="20_refraction\watershaderclass.cpp">
      <Filter>Source Files</Filter>
    </ClCompile>
    <ClCompile Include="21_multiple_pointlight\Graphics.cpp">
      <Filter>Source Files</Filter>
    </ClCompile>
    <ClCompile Include="21_multiple_pointlight\lightclass.cpp">
      <Filter>Source Files</Filter>
    </ClCompile>
    <ClCompile Include="21_multiple_pointlight\lightshaderclass.cpp">
      <Filter>Source Files</Filter>
    </ClCompile>
    <ClCompile Include="21_multiple_pointlight\main.cpp">
      <Filter>Source Files</Filter>
    </ClCompile>
    <ClCompile Include="21_multiple_pointlight\modelclass.cpp">
      <Filter>Source Files</Filter>
    </ClCompile>
    <ClCompile Include="21_multiple_pointlight\System.cpp">
      <Filter>Source Files</Filter>
    </ClCompile>
    <ClCompile Include="21_multiple_pointlight\textureclass.cpp">
      <Filter>Source Files</Filter>
    </ClCompile>
    <ClCompile Include="22_glass_and_ice\glassshaderclass.cpp">
      <Filter>Source Files</Filter>
    </ClCompile>
    <ClCompile Include="22_glass_and_ice\Graphics.cpp">
      <Filter>Source Files</Filter>
    </ClCompile>
    <ClCompile Include="22_glass_and_ice\main.cpp">
      <Filter>Source Files</Filter>
    </ClCompile>
    <ClCompile Include="22_glass_and_ice\modelclass.cpp">
      <Filter>Source Files</Filter>
    </ClCompile>
    <ClCompile Include="22_glass_and_ice\rendertextureclass.cpp">
      <Filter>Source Files</Filter>
    </ClCompile>
    <ClCompile Include="22_glass_and_ice\System.cpp">
      <Filter>Source Files</Filter>
    </ClCompile>
    <ClCompile Include="22_glass_and_ice\textureclass.cpp">
      <Filter>Source Files</Filter>
    </ClCompile>
    <ClCompile Include="22_glass_and_ice\textureshaderclass.cpp">
      <Filter>Source Files</Filter>
    </ClCompile>
    <ClCompile Include="23_fire\fireshaderclass.cpp">
      <Filter>Source Files</Filter>
    </ClCompile>
    <ClCompile Include="23_fire\Graphics.cpp">
      <Filter>Source Files</Filter>
    </ClCompile>
    <ClCompile Include="23_fire\main.cpp">
      <Filter>Source Files</Filter>
    </ClCompile>
    <ClCompile Include="23_fire\modelclass.cpp">
      <Filter>Source Files</Filter>
    </ClCompile>
    <ClCompile Include="23_fire\System.cpp">
      <Filter>Source Files</Filter>
    </ClCompile>
    <ClCompile Include="23_fire\textureclass.cpp">
      <Filter>Source Files</Filter>
    </ClCompile>
    <ClCompile Include="24_billboard\Graphics.cpp">
      <Filter>Source Files</Filter>
    </ClCompile>
    <ClCompile Include="24_billboard\main.cpp">
      <Filter>Source Files</Filter>
    </ClCompile>
    <ClCompile Include="24_billboard\modelclass.cpp">
      <Filter>Source Files</Filter>
    </ClCompile>
    <ClCompile Include="24_billboard\positionclass.cpp">
      <Filter>Source Files</Filter>
    </ClCompile>
    <ClCompile Include="24_billboard\System.cpp">
      <Filter>Source Files</Filter>
    </ClCompile>
    <ClCompile Include="24_billboard\textureclass.cpp">
      <Filter>Source Files</Filter>
    </ClCompile>
    <ClCompile Include="24_billboard\textureshaderclass.cpp">
      <Filter>Source Files</Filter>
    </ClCompile>
    <ClCompile Include="24_billboard\timerclass.cpp">
      <Filter>Source Files</Filter>
    </ClCompile>
    <ClCompile Include="25_depth_buffer\depthshaderclass.cpp">
      <Filter>Source Files</Filter>
    </ClCompile>
    <ClCompile Include="25_depth_buffer\Graphics.cpp">
      <Filter>Source Files</Filter>
    </ClCompile>
    <ClCompile Include="25_depth_buffer\main.cpp">
      <Filter>Source Files</Filter>
    </ClCompile>
    <ClCompile Include="25_depth_buffer\modelclass.cpp">
      <Filter>Source Files</Filter>
    </ClCompile>
    <ClCompile Include="25_depth_buffer\System.cpp">
      <Filter>Source Files</Filter>
    </ClCompile>
    <ClCompile Include="26_blur\Graphics.cpp">
      <Filter>Source Files</Filter>
    </ClCompile>
    <ClCompile Include="26_blur\horizontalblurshaderclass.cpp">
      <Filter>Source Files</Filter>
    </ClCompile>
    <ClCompile Include="26_blur\main.cpp">
      <Filter>Source Files</Filter>
    </ClCompile>
    <ClCompile Include="26_blur\modelclass.cpp">
      <Filter>Source Files</Filter>
    </ClCompile>
    <ClCompile Include="26_blur\orthowindowclass.cpp">
      <Filter>Source Files</Filter>
    </ClCompile>
    <ClCompile Include="26_blur\rendertextureclass.cpp">
      <Filter>Source Files</Filter>
    </ClCompile>
    <ClCompile Include="26_blur\System.cpp">
      <Filter>Source Files</Filter>
    </ClCompile>
    <ClCompile Include="26_blur\textureclass.cpp">
      <Filter>Source Files</Filter>
    </ClCompile>
    <ClCompile Include="26_blur\textureshaderclass.cpp">
      <Filter>Source Files</Filter>
    </ClCompile>
    <ClCompile Include="26_blur\verticalblurshaderclass.cpp">
      <Filter>Source Files</Filter>
    </ClCompile>
    <ClCompile Include="27_draw_instance\Graphics.cpp">
      <Filter>Source Files</Filter>
    </ClCompile>
    <ClCompile Include="27_draw_instance\main.cpp">
      <Filter>Source Files</Filter>
    </ClCompile>
    <ClCompile Include="27_draw_instance\modelclass.cpp">
      <Filter>Source Files</Filter>
    </ClCompile>
    <ClCompile Include="27_draw_instance\System.cpp">
      <Filter>Source Files</Filter>
    </ClCompile>
    <ClCompile Include="27_draw_instance\textureclass.cpp">
      <Filter>Source Files</Filter>
    </ClCompile>
    <ClCompile Include="27_draw_instance\textureshaderclass.cpp">
      <Filter>Source Files</Filter>
    </ClCompile>
    <ClCompile Include="28_particle\Graphics.cpp">
      <Filter>Source Files</Filter>
    </ClCompile>
    <ClCompile Include="28_particle\main.cpp">
      <Filter>Source Files</Filter>
    </ClCompile>
    <ClCompile Include="28_particle\particleshaderclass.cpp">
      <Filter>Source Files</Filter>
    </ClCompile>
    <ClCompile Include="28_particle\particlesystemclass.cpp">
      <Filter>Source Files</Filter>
    </ClCompile>
    <ClCompile Include="28_particle\System.cpp">
      <Filter>Source Files</Filter>
    </ClCompile>
    <ClCompile Include="28_particle\textureclass.cpp">
      <Filter>Source Files</Filter>
    </ClCompile>
    <ClCompile Include="29_shadow_mapping\depthshaderclass.cpp">
      <Filter>Source Files</Filter>
    </ClCompile>
    <ClCompile Include="29_shadow_mapping\Graphics.cpp">
      <Filter>Source Files</Filter>
    </ClCompile>
    <ClCompile Include="29_shadow_mapping\lightclass.cpp">
      <Filter>Source Files</Filter>
    </ClCompile>
    <ClCompile Include="29_shadow_mapping\main.cpp">
      <Filter>Source Files</Filter>
    </ClCompile>
    <ClCompile Include="29_shadow_mapping\modelclass.cpp">
      <Filter>Source Files</Filter>
    </ClCompile>
    <ClCompile Include="29_shadow_mapping\positionclass.cpp">
      <Filter>Source Files</Filter>
    </ClCompile>
    <ClCompile Include="29_shadow_mapping\rendertextureclass.cpp">
      <Filter>Source Files</Filter>
    </ClCompile>
    <ClCompile Include="29_shadow_mapping\shadowshaderclass.cpp">
      <Filter>Source Files</Filter>
    </ClCompile>
    <ClCompile Include="29_shadow_mapping\System.cpp">
      <Filter>Source Files</Filter>
    </ClCompile>
    <ClCompile Include="29_shadow_mapping\textureclass.cpp">
      <Filter>Source Files</Filter>
    </ClCompile>
    <ClCompile Include="2_alphamap\alphamapshaderclass.cpp">
      <Filter>Source Files</Filter>
    </ClCompile>
    <ClCompile Include="2_alphamap\Graphics.cpp">
      <Filter>Source Files</Filter>
    </ClCompile>
    <ClCompile Include="2_alphamap\main.cpp">
      <Filter>Source Files</Filter>
    </ClCompile>
    <ClCompile Include="2_alphamap\modelclass.cpp">
      <Filter>Source Files</Filter>
    </ClCompile>
    <ClCompile Include="2_alphamap\System.cpp">
      <Filter>Source Files</Filter>
    </ClCompile>
    <ClCompile Include="2_alphamap\texturearrayclass.cpp">
      <Filter>Source Files</Filter>
    </ClCompile>
    <ClCompile Include="30_multiple_light_shadow_mapping\depthshaderclass.cpp">
      <Filter>Source Files</Filter>
    </ClCompile>
    <ClCompile Include="30_multiple_light_shadow_mapping\Graphics.cpp">
      <Filter>Source Files</Filter>
    </ClCompile>
    <ClCompile Include="30_multiple_light_shadow_mapping\lightclass.cpp">
      <Filter>Source Files</Filter>
    </ClCompile>
    <ClCompile Include="30_multiple_light_shadow_mapping\main.cpp">
      <Filter>Source Files</Filter>
    </ClCompile>
    <ClCompile Include="30_multiple_light_shadow_mapping\modelclass.cpp">
      <Filter>Source Files</Filter>
    </ClCompile>
    <ClCompile Include="30_multiple_light_shadow_mapping\positionclass.cpp">
      <Filter>Source Files</Filter>
    </ClCompile>
    <ClCompile Include="30_multiple_light_shadow_mapping\rendertextureclass.cpp">
      <Filter>Source Files</Filter>
    </ClCompile>
    <ClCompile Include="30_multiple_light_shadow_mapping\shadowshaderclass.cpp">
      <Filter>Source Files</Filter>
    </ClCompile>
    <ClCompile Include="30_multiple_light_shadow_mapping\System.cpp">
      <Filter>Source Files</Filter>
    </ClCompile>
    <ClCompile Include="30_multiple_light_shadow_mapping\textureclass.cpp">
      <Filter>Source Files</Filter>
    </ClCompile>
    <ClCompile Include="31_soft_shadow\depthshader.cpp">
      <Filter>Source Files</Filter>
    </ClCompile>
    <ClCompile Include="31_soft_shadow\depthshaderclass.cpp">
      <Filter>Source Files</Filter>
    </ClCompile>
    <ClCompile Include="31_soft_shadow\Graphics.cpp">
      <Filter>Source Files</Filter>
    </ClCompile>
    <ClCompile Include="31_soft_shadow\horizontalblurshader.cpp">
      <Filter>Source Files</Filter>
    </ClCompile>
    <ClCompile Include="31_soft_shadow\horizontalblurshaderclass.cpp">
      <Filter>Source Files</Filter>
    </ClCompile>
    <ClCompile Include="31_soft_shadow\light.cpp">
      <Filter>Source Files</Filter>
    </ClCompile>
    <ClCompile Include="31_soft_shadow\lightclass.cpp">
      <Filter>Source Files</Filter>
    </ClCompile>
    <ClCompile Include="31_soft_shadow\main.cpp">
      <Filter>Source Files</Filter>
    </ClCompile>
    <ClCompile Include="31_soft_shadow\merged_cpp_files.cpp">
      <Filter>Source Files</Filter>
    </ClCompile>
    <ClCompile Include="31_soft_shadow\model.cpp">
      <Filter>Source Files</Filter>
    </ClCompile>
    <ClCompile Include="31_soft_shadow\modelclass.cpp">
      <Filter>Source Files</Filter>
    </ClCompile>
    <ClCompile Include="31_soft_shadow\orthowindow.cpp">
      <Filter>Source Files</Filter>
    </ClCompile>
    <ClCompile Include="31_soft_shadow\orthowindowclass.cpp">
      <Filter>Source Files</Filter>
    </ClCompile>
    <ClCompile Include="31_soft_shadow\pbrshader.cpp">
      <Filter>Source Files</Filter>
    </ClCompile>
    <ClCompile Include="31_soft_shadow\pbrshaderclass.cpp">
      <Filter>Source Files</Filter>
    </ClCompile>
    <ClCompile Include="31_soft_shadow\position.cpp">
      <Filter>Source Files</Filter>
    </ClCompile>
    <ClCompile Include="31_soft_shadow\positionclass.cpp">
      <Filter>Source Files</Filter>
    </ClCompile>
    <ClCompile Include="31_soft_shadow\RenderableObject.cpp">
      <Filter>Source Files</Filter>
    </ClCompile>
    <ClCompile Include="31_soft_shadow\RenderPass.cpp">
      <Filter>Source Files</Filter>
    </ClCompile>
    <ClCompile Include="31_soft_shadow\RenderPipeline.cpp">
      <Filter>Source Files</Filter>
    </ClCompile>
    <ClCompile Include="31_soft_shadow\RenderSystem.cpp">
      <Filter>Source Files</Filter>
    </ClCompile>
    <ClCompile Include="31_soft_shadow\rendertexture.cpp">
      <Filter>Source Files</Filter>
    </ClCompile>
    <ClCompile Include="31_soft_shadow\rendertextureclass.cpp">
      <Filter>Source Files</Filter>
    </ClCompile>
    <ClCompile Include="31_soft_shadow\ShaderBase.cpp">
      <Filter>Source Files</Filter>
    </ClCompile>
    <ClCompile Include="31_soft_shadow\ShaderParameterContainer.cpp">
      <Filter>Source Files</Filter>
    </ClCompile>
    <ClCompile Include="31_soft_shadow\shadowshader.cpp">
      <Filter>Source Files</Filter>
    </ClCompile>
    <ClCompile Include="31_soft_shadow\shadowshaderclass.cpp">
      <Filter>Source Files</Filter>
    </ClCompile>
    <ClCompile Include="31_soft_shadow\softshadowshader.cpp">
      <Filter>Source Files</Filter>
    </ClCompile>
    <ClCompile Include="31_soft_shadow\softshadowshaderclass.cpp">
      <Filter>Source Files</Filter>
    </ClCompile>
    <ClCompile Include="31_soft_shadow\System.cpp">
      <Filter>Source Files</Filter>
    </ClCompile>
    <ClCompile Include="31_soft_shadow\texture.cpp">
      <Filter>Source Files</Filter>
    </ClCompile>
    <ClCompile Include="31_soft_shadow\textureclass.cpp">
      <Filter>Source Files</Filter>
    </ClCompile>
    <ClCompile Include="31_soft_shadow\textureshader.cpp">
      <Filter>Source Files</Filter>
    </ClCompile>
    <ClCompile Include="31_soft_shadow\textureshaderclass.cpp">
      <Filter>Source Files</Filter>
    </ClCompile>
    <ClCompile Include="31_soft_shadow\verticalblurshader.cpp">
      <Filter>Source Files</Filter>
    </ClCompile>
    <ClCompile Include="31_soft_shadow\verticalblurshaderclass.cpp">
      <Filter>Source Files</Filter>
    </ClCompile>
    <ClCompile Include="32_physically _based_rendering\applicationclass.cpp">
      <Filter>Source Files</Filter>
    </ClCompile>
    <ClCompile Include="32_physically _based_rendering\cameraclass.cpp">
      <Filter>Source Files</Filter>
    </ClCompile>
    <ClCompile Include="32_physically _based_rendering\d3dclass.cpp">
      <Filter>Source Files</Filter>
    </ClCompile>
    <ClCompile Include="32_physically _based_rendering\inputclass.cpp">
      <Filter>Source Files</Filter>
    </ClCompile>
    <ClCompile Include="32_physically _based_rendering\lightclass.cpp">
      <Filter>Source Files</Filter>
    </ClCompile>
    <ClCompile Include="32_physically _based_rendering\main.cpp">
      <Filter>Source Files</Filter>
    </ClCompile>
    <ClCompile Include="32_physically _based_rendering\modelclass.cpp">
      <Filter>Source Files</Filter>
    </ClCompile>
    <ClCompile Include="32_physically _based_rendering\pbrshaderclass.cpp">
      <Filter>Source Files</Filter>
    </ClCompile>
    <ClCompile Include="32_physically _based_rendering\systemclass.cpp">
      <Filter>Source Files</Filter>
    </ClCompile>
    <ClCompile Include="32_physically _based_rendering\textureclass.cpp">
      <Filter>Source Files</Filter>
    </ClCompile>
    <ClCompile Include="33_ssao\applicationclass.cpp">
      <Filter>Source Files</Filter>
    </ClCompile>
    <ClCompile Include="33_ssao\cameraclass.cpp">
      <Filter>Source Files</Filter>
    </ClCompile>
    <ClCompile Include="33_ssao\d3dclass.cpp">
      <Filter>Source Files</Filter>
    </ClCompile>
    <ClCompile Include="33_ssao\deferredbuffersclass.cpp">
      <Filter>Source Files</Filter>
    </ClCompile>
    <ClCompile Include="33_ssao\gbuffershaderclass.cpp">
      <Filter>Source Files</Filter>
    </ClCompile>
    <ClCompile Include="33_ssao\inputclass.cpp">
      <Filter>Source Files</Filter>
    </ClCompile>
    <ClCompile Include="33_ssao\lightclass.cpp">
      <Filter>Source Files</Filter>
    </ClCompile>
    <ClCompile Include="33_ssao\lightshaderclass.cpp">
      <Filter>Source Files</Filter>
    </ClCompile>
    <ClCompile Include="33_ssao\main.cpp">
      <Filter>Source Files</Filter>
    </ClCompile>
    <ClCompile Include="33_ssao\modelclass.cpp">
      <Filter>Source Files</Filter>
    </ClCompile>
    <ClCompile Include="33_ssao\orthowindowclass.cpp">
      <Filter>Source Files</Filter>
    </ClCompile>
    <ClCompile Include="33_ssao\rendertextureclass.cpp">
      <Filter>Source Files</Filter>
    </ClCompile>
    <ClCompile Include="33_ssao\ssaoblurshaderclass.cpp">
      <Filter>Source Files</Filter>
    </ClCompile>
    <ClCompile Include="33_ssao\ssaoshaderclass.cpp">
      <Filter>Source Files</Filter>
    </ClCompile>
    <ClCompile Include="33_ssao\systemclass.cpp">
      <Filter>Source Files</Filter>
    </ClCompile>
    <ClCompile Include="33_ssao\textureclass.cpp">
      <Filter>Source Files</Filter>
    </ClCompile>
    <ClCompile Include="3_triangle_with_simple_diffuse_light\Graphics.cpp">
      <Filter>Source Files</Filter>
    </ClCompile>
    <ClCompile Include="3_triangle_with_simple_diffuse_light\lightclass.cpp">
      <Filter>Source Files</Filter>
    </ClCompile>
    <ClCompile Include="3_triangle_with_simple_diffuse_light\lightshaderclass.cpp">
      <Filter>Source Files</Filter>
    </ClCompile>
    <ClCompile Include="3_triangle_with_simple_diffuse_light\main.cpp">
      <Filter>Source Files</Filter>
    </ClCompile>
    <ClCompile Include="3_triangle_with_simple_diffuse_light\modelclass.cpp">
      <Filter>Source Files</Filter>
    </ClCompile>
    <ClCompile Include="3_triangle_with_simple_diffuse_light\System.cpp">
      <Filter>Source Files</Filter>
    </ClCompile>
    <ClCompile Include="3_triangle_with_simple_diffuse_light\textureclass.cpp">
      <Filter>Source Files</Filter>
    </ClCompile>
    <ClCompile Include="4_box_with_simple_diffuse_light\GameObject.cpp">
      <Filter>Source Files</Filter>
    </ClCompile>
    <ClCompile Include="4_box_with_simple_diffuse_light\Graphics.cpp">
      <Filter>Source Files</Filter>
    </ClCompile>
    <ClCompile Include="4_box_with_simple_diffuse_light\lightshaderclass.cpp">
      <Filter>Source Files</Filter>
    </ClCompile>
    <ClCompile Include="4_box_with_simple_diffuse_light\main.cpp">
      <Filter>Source Files</Filter>
    </ClCompile>
    <ClCompile Include="4_box_with_simple_diffuse_light\modelclass.cpp">
      <Filter>Source Files</Filter>
    </ClCompile>
    <ClCompile Include="4_box_with_simple_diffuse_light\RenderPipeline.cpp">
      <Filter>Source Files</Filter>
    </ClCompile>
    <ClCompile Include="4_box_with_simple_diffuse_light\RenderSystem.cpp">
      <Filter>Source Files</Filter>
    </ClCompile>
    <ClCompile Include="4_box_with_simple_diffuse_light\Scene.cpp">
      <Filter>Source Files</Filter>
    </ClCompile>
    <ClCompile Include="4_box_with_simple_diffuse_light\System.cpp">
      <Filter>Source Files</Filter>
    </ClCompile>
    <ClCompile Include="4_box_with_simple_diffuse_light\textureclass.cpp">
      <Filter>Source Files</Filter>
    </ClCompile>
    <ClCompile Include="5_box_with_diffuse_light\DDSTextureLoader.cpp">
      <Filter>Source Files</Filter>
    </ClCompile>
    <ClCompile Include="5_box_with_diffuse_light\Graphics.cpp">
      <Filter>Source Files</Filter>
    </ClCompile>
    <ClCompile Include="5_box_with_diffuse_light\lightclass.cpp">
      <Filter>Source Files</Filter>
    </ClCompile>
    <ClCompile Include="5_box_with_diffuse_light\lightshaderclass.cpp">
      <Filter>Source Files</Filter>
    </ClCompile>
    <ClCompile Include="5_box_with_diffuse_light\main.cpp">
      <Filter>Source Files</Filter>
    </ClCompile>
    <ClCompile Include="5_box_with_diffuse_light\modelclass.cpp">
      <Filter>Source Files</Filter>
    </ClCompile>
    <ClCompile Include="5_box_with_diffuse_light\System.cpp">
      <Filter>Source Files</Filter>
    </ClCompile>
    <ClCompile Include="5_box_with_diffuse_light\textureclass.cpp">
      <Filter>Source Files</Filter>
    </ClCompile>
    <ClCompile Include="6_box_with_specular_light\Graphics.cpp">
      <Filter>Source Files</Filter>
    </ClCompile>
    <ClCompile Include="6_box_with_specular_light\lightclass.cpp">
      <Filter>Source Files</Filter>
    </ClCompile>
    <ClCompile Include="6_box_with_specular_light\lightshaderclass.cpp">
      <Filter>Source Files</Filter>
    </ClCompile>
    <ClCompile Include="6_box_with_specular_light\main.cpp">
      <Filter>Source Files</Filter>
    </ClCompile>
    <ClCompile Include="6_box_with_specular_light\modelclass.cpp">
      <Filter>Source Files</Filter>
    </ClCompile>
    <ClCompile Include="6_box_with_specular_light\System.cpp">
      <Filter>Source Files</Filter>
    </ClCompile>
    <ClCompile Include="6_box_with_specular_light\textureclass.cpp">
      <Filter>Source Files</Filter>
    </ClCompile>
    <ClCompile Include="7_lightmap\Graphics.cpp">
      <Filter>Source Files</Filter>
    </ClCompile>
    <ClCompile Include="7_lightmap\lightmapshaderclass.cpp">
      <Filter>Source Files</Filter>
    </ClCompile>
    <ClCompile Include="7_lightmap\main.cpp">
      <Filter>Source Files</Filter>
    </ClCompile>
    <ClCompile Include="7_lightmap\modelclass.cpp">
      <Filter>Source Files</Filter>
    </ClCompile>
    <ClCompile Include="7_lightmap\System.cpp">
      <Filter>Source Files</Filter>
    </ClCompile>
    <ClCompile Include="7_lightmap\texturearrayclass.cpp">
      <Filter>Source Files</Filter>
    </ClCompile>
    <ClCompile Include="8_multitexture\Graphics.cpp">
      <Filter>Source Files</Filter>
    </ClCompile>
    <ClCompile Include="8_multitexture\main.cpp">
      <Filter>Source Files</Filter>
    </ClCompile>
    <ClCompile Include="8_multitexture\modelclass.cpp">
      <Filter>Source Files</Filter>
    </ClCompile>
    <ClCompile Include="8_multitexture\multitextureshaderclass.cpp">
      <Filter>Source Files</Filter>
    </ClCompile>
    <ClCompile Include="8_multitexture\System.cpp">
      <Filter>Source Files</Filter>
    </ClCompile>
    <ClCompile Include="8_multitexture\texturearrayclass.cpp">
      <Filter>Source Files</Filter>
    </ClCompile>
    <ClCompile Include="9_simple_font\fontclass.cpp">
      <Filter>Source Files</Filter>
    </ClCompile>
    <ClCompile Include="9_simple_font\fontshaderclass.cpp">
      <Filter>Source Files</Filter>
    </ClCompile>
    <ClCompile Include="9_simple_font\Graphics.cpp">
      <Filter>Source Files</Filter>
    </ClCompile>
    <ClCompile Include="9_simple_font\main.cpp">
      <Filter>Source Files</Filter>
    </ClCompile>
    <ClCompile Include="9_simple_font\System.cpp">
      <Filter>Source Files</Filter>
    </ClCompile>
    <ClCompile Include="9_simple_font\textclass.cpp">
      <Filter>Source Files</Filter>
    </ClCompile>
    <ClCompile Include="9_simple_font\textureclass.cpp">
      <Filter>Source Files</Filter>
    </ClCompile>
    <ClCompile Include="commonframework\Camera.cpp">
      <Filter>Source Files</Filter>
    </ClCompile>
    <ClCompile Include="commonframework\Cpu.cpp">
      <Filter>Source Files</Filter>
    </ClCompile>
    <ClCompile Include="commonframework\DirectX11Device.cpp">
      <Filter>Source Files</Filter>
    </ClCompile>
    <ClCompile Include="commonframework\Fps.cpp">
      <Filter>Source Files</Filter>
    </ClCompile>
    <ClCompile Include="commonframework\Frustum.cpp">
      <Filter>Source Files</Filter>
    </ClCompile>
    <ClCompile Include="commonframework\GraphicsBase.cpp">
      <Filter>Source Files</Filter>
    </ClCompile>
    <ClCompile Include="commonframework\Input.cpp">
      <Filter>Source Files</Filter>
    </ClCompile>
    <ClCompile Include="commonframework\Light.cpp">
      <Filter>Source Files</Filter>
    </ClCompile>
    <ClCompile Include="commonframework\Sound.cpp">
      <Filter>Source Files</Filter>
    </ClCompile>
    <ClCompile Include="commonframework\stdafx.cpp">
      <Filter>Source Files</Filter>
    </ClCompile>
    <ClCompile Include="commonframework\SystemBase.cpp">
      <Filter>Source Files</Filter>
    </ClCompile>
    <ClCompile Include="commonframework\Timer.cpp">
      <Filter>Source Files</Filter>
    </ClCompile>
    <ClCompile Include="commonframework\WindowsApplication.cpp">
      <Filter>Source Files</Filter>
    </ClCompile>
    <ClCompile Include="commonframework2\Camera.cpp">
      <Filter>Source Files</Filter>
    </ClCompile>
    <ClCompile Include="commonframework2\Cpu.cpp">
      <Filter>Source Files</Filter>
    </ClCompile>
    <ClCompile Include="commonframework2\DirectX11Device.cpp">
      <Filter>Source Files</Filter>
    </ClCompile>
    <ClCompile Include="commonframework2\Fps.cpp">
      <Filter>Source Files</Filter>
    </ClCompile>
    <ClCompile Include="commonframework2\Frustum.cpp">
      <Filter>Source Files</Filter>
    </ClCompile>
    <ClCompile Include="commonframework2\GraphicsBase.cpp">
      <Filter>Source Files</Filter>
    </ClCompile>
    <ClCompile Include="commonframework2\Input.cpp">
      <Filter>Source Files</Filter>
    </ClCompile>
    <ClCompile Include="commonframework2\stdafx.cpp">
      <Filter>Source Files</Filter>
    </ClCompile>
    <ClCompile Include="commonframework2\SystemBase.cpp">
      <Filter>Source Files</Filter>
    </ClCompile>
    <ClCompile Include="commonframework2\Timer.cpp">
      <Filter>Source Files</Filter>
    </ClCompile>
    <ClCompile Include="commonframework2\WindowsApplication.cpp">
      <Filter>Source Files</Filter>
    </ClCompile>
    <ClCompile Include="model_convert\main.cpp">
      <Filter>Source Files</Filter>
    </ClCompile>
    <ClCompile Include="tut43\Graphics.cpp">
      <Filter>Source Files</Filter>
    </ClCompile>
    <ClCompile Include="tut43\lightclass.cpp">
      <Filter>Source Files</Filter>
    </ClCompile>
    <ClCompile Include="tut43\main.cpp">
      <Filter>Source Files</Filter>
    </ClCompile>
    <ClCompile Include="tut43\modelclass.cpp">
      <Filter>Source Files</Filter>
    </ClCompile>
    <ClCompile Include="tut43\projectionshaderclass.cpp">
      <Filter>Source Files</Filter>
    </ClCompile>
    <ClCompile Include="tut43\System.cpp">
      <Filter>Source Files</Filter>
    </ClCompile>
    <ClCompile Include="tut43\textureclass.cpp">
      <Filter>Source Files</Filter>
    </ClCompile>
    <ClCompile Include="tut43\viewpointclass.cpp">
      <Filter>Source Files</Filter>
    </ClCompile>
    <ClCompile Include="tut44\Graphics.cpp">
      <Filter>Source Files</Filter>
    </ClCompile>
    <ClCompile Include="tut44\lightclass.cpp">
      <Filter>Source Files</Filter>
    </ClCompile>
    <ClCompile Include="tut44\main.cpp">
      <Filter>Source Files</Filter>
    </ClCompile>
    <ClCompile Include="tut44\modelclass.cpp">
      <Filter>Source Files</Filter>
    </ClCompile>
    <ClCompile Include="tut44\projectionshaderclass.cpp">
      <Filter>Source Files</Filter>
    </ClCompile>
    <ClCompile Include="tut44\System.cpp">
      <Filter>Source Files</Filter>
    </ClCompile>
    <ClCompile Include="tut44\textureclass.cpp">
      <Filter>Source Files</Filter>
    </ClCompile>
    <ClCompile Include="tut44\viewpointclass.cpp">
      <Filter>Source Files</Filter>
    </ClCompile>
    <ClCompile Include="tut46\bitmapclass.cpp">
      <Filter>Source Files</Filter>
    </ClCompile>
    <ClCompile Include="tut46\glowmapshaderclass.cpp">
      <Filter>Source Files</Filter>
    </ClCompile>
    <ClCompile Include="tut46\glowshaderclass.cpp">
      <Filter>Source Files</Filter>
    </ClCompile>
    <ClCompile Include="tut46\Graphics.cpp">
      <Filter>Source Files</Filter>
    </ClCompile>
    <ClCompile Include="tut46\horizontalblurshaderclass.cpp">
      <Filter>Source Files</Filter>
    </ClCompile>
    <ClCompile Include="tut46\main.cpp">
      <Filter>Source Files</Filter>
    </ClCompile>
    <ClCompile Include="tut46\orthowindowclass.cpp">
      <Filter>Source Files</Filter>
    </ClCompile>
    <ClCompile Include="tut46\rendertextureclass.cpp">
      <Filter>Source Files</Filter>
    </ClCompile>
    <ClCompile Include="tut46\System.cpp">
      <Filter>Source Files</Filter>
    </ClCompile>
    <ClCompile Include="tut46\textureclass.cpp">
      <Filter>Source Files</Filter>
    </ClCompile>
    <ClCompile Include="tut46\textureshaderclass.cpp">
      <Filter>Source Files</Filter>
    </ClCompile>
    <ClCompile Include="tut46\verticalblurshaderclass.cpp">
      <Filter>Source Files</Filter>
    </ClCompile>
    <ClCompile Include="tut47\bitmapclass.cpp">
      <Filter>Source Files</Filter>
    </ClCompile>
    <ClCompile Include="tut47\fontclass.cpp">
      <Filter>Source Files</Filter>
    </ClCompile>
    <ClCompile Include="tut47\fontshaderclass.cpp">
      <Filter>Source Files</Filter>
    </ClCompile>
    <ClCompile Include="tut47\Graphics.cpp">
      <Filter>Source Files</Filter>
    </ClCompile>
    <ClCompile Include="tut47\lightclass.cpp">
      <Filter>Source Files</Filter>
    </ClCompile>
    <ClCompile Include="tut47\lightshaderclass.cpp">
      <Filter>Source Files</Filter>
    </ClCompile>
    <ClCompile Include="tut47\main.cpp">
      <Filter>Source Files</Filter>
    </ClCompile>
    <ClCompile Include="tut47\modelclass.cpp">
      <Filter>Source Files</Filter>
    </ClCompile>
    <ClCompile Include="tut47\System.cpp">
      <Filter>Source Files</Filter>
    </ClCompile>
    <ClCompile Include="tut47\textclass.cpp">
      <Filter>Source Files</Filter>
    </ClCompile>
    <ClCompile Include="tut47\textureclass.cpp">
      <Filter>Source Files</Filter>
    </ClCompile>
    <ClCompile Include="tut47\textureshaderclass.cpp">
      <Filter>Source Files</Filter>
    </ClCompile>
    <ClCompile Include="tut48\depthshaderclass.cpp">
      <Filter>Source Files</Filter>
    </ClCompile>
    <ClCompile Include="tut48\Graphics.cpp">
      <Filter>Source Files</Filter>
    </ClCompile>
    <ClCompile Include="tut48\lightclass.cpp">
      <Filter>Source Files</Filter>
    </ClCompile>
    <ClCompile Include="tut48\main.cpp">
      <Filter>Source Files</Filter>
    </ClCompile>
    <ClCompile Include="tut48\modelclass.cpp">
      <Filter>Source Files</Filter>
    </ClCompile>
    <ClCompile Include="tut48\positionclass.cpp">
      <Filter>Source Files</Filter>
    </ClCompile>
    <ClCompile Include="tut48\rendertextureclass.cpp">
      <Filter>Source Files</Filter>
    </ClCompile>
    <ClCompile Include="tut48\shadowshaderclass.cpp">
      <Filter>Source Files</Filter>
    </ClCompile>
    <ClCompile Include="tut48\System.cpp">
      <Filter>Source Files</Filter>
    </ClCompile>
    <ClCompile Include="tut48\textureclass.cpp">
      <Filter>Source Files</Filter>
    </ClCompile>
    <ClCompile Include="tut49\depthshaderclass.cpp">
      <Filter>Source Files</Filter>
    </ClCompile>
    <ClCompile Include="tut49\Graphics.cpp">
      <Filter>Source Files</Filter>
    </ClCompile>
    <ClCompile Include="tut49\lightclass.cpp">
      <Filter>Source Files</Filter>
    </ClCompile>
    <ClCompile Include="tut49\main.cpp">
      <Filter>Source Files</Filter>
    </ClCompile>
    <ClCompile Include="tut49\modelclass.cpp">
      <Filter>Source Files</Filter>
    </ClCompile>
    <ClCompile Include="tut49\positionclass.cpp">
      <Filter>Source Files</Filter>
    </ClCompile>
    <ClCompile Include="tut49\rendertextureclass.cpp">
      <Filter>Source Files</Filter>
    </ClCompile>
    <ClCompile Include="tut49\shadowshaderclass.cpp">
      <Filter>Source Files</Filter>
    </ClCompile>
    <ClCompile Include="tut49\System.cpp">
      <Filter>Source Files</Filter>
    </ClCompile>
    <ClCompile Include="tut49\textureclass.cpp">
      <Filter>Source Files</Filter>
    </ClCompile>
    <ClCompile Include="tut49\transparentdepthshaderclass.cpp">
      <Filter>Source Files</Filter>
    </ClCompile>
    <ClCompile Include="tut49\treeclass.cpp">
      <Filter>Source Files</Filter>
    </ClCompile>
    <ClCompile Include="tut50\deferredbuffersclass.cpp">
      <Filter>Source Files</Filter>
    </ClCompile>
    <ClCompile Include="tut50\deferredshaderclass.cpp">
      <Filter>Source Files</Filter>
    </ClCompile>
    <ClCompile Include="tut50\Graphics.cpp">
      <Filter>Source Files</Filter>
    </ClCompile>
    <ClCompile Include="tut50\lightclass.cpp">
      <Filter>Source Files</Filter>
    </ClCompile>
    <ClCompile Include="tut50\lightshaderclass.cpp">
      <Filter>Source Files</Filter>
    </ClCompile>
    <ClCompile Include="tut50\main.cpp">
      <Filter>Source Files</Filter>
    </ClCompile>
    <ClCompile Include="tut50\modelclass.cpp">
      <Filter>Source Files</Filter>
    </ClCompile>
    <ClCompile Include="tut50\orthowindowclass.cpp">
      <Filter>Source Files</Filter>
    </ClCompile>
    <ClCompile Include="tut50\System.cpp">
      <Filter>Source Files</Filter>
    </ClCompile>
    <ClCompile Include="tut50\textureclass.cpp">
      <Filter>Source Files</Filter>
    </ClCompile>
  </ItemGroup>
  <ItemGroup>
    <ClInclude Include="0_simple_triangle\colorshaderclass.h">
      <Filter>Header Files</Filter>
    </ClInclude>
    <ClInclude Include="0_simple_triangle\Graphics.h">
      <Filter>Header Files</Filter>
    </ClInclude>
    <ClInclude Include="0_simple_triangle\modelclass.h">
      <Filter>Header Files</Filter>
    </ClInclude>
    <ClInclude Include="0_simple_triangle\System.h">
      <Filter>Header Files</Filter>
    </ClInclude>
    <ClInclude Include="1_simple_movable_surface\GraphicsModule.h">
      <Filter>Header Files</Filter>
    </ClInclude>
    <ClInclude Include="1_simple_movable_surface\modelclass.h">
      <Filter>Header Files</Filter>
    </ClInclude>
    <ClInclude Include="1_simple_movable_surface\SimpleMovableSurface.h">
      <Filter>Header Files</Filter>
    </ClInclude>
    <ClInclude Include="1_simple_movable_surface\SimpleTexture.h">
      <Filter>Header Files</Filter>
    </ClInclude>
    <ClInclude Include="1_simple_movable_surface\System.h">
      <Filter>Header Files</Filter>
    </ClInclude>
    <ClInclude Include="1_simple_movable_surface\TextureShader.h">
      <Filter>Header Files</Filter>
    </ClInclude>
    <ClInclude Include="10_frustum_culling\fontclass.h">
      <Filter>Header Files</Filter>
    </ClInclude>
    <ClInclude Include="10_frustum_culling\fontshaderclass.h">
      <Filter>Header Files</Filter>
    </ClInclude>
    <ClInclude Include="10_frustum_culling\Frustum.h">
      <Filter>Header Files</Filter>
    </ClInclude>
    <ClInclude Include="10_frustum_culling\Graphics.h">
      <Filter>Header Files</Filter>
    </ClInclude>
    <ClInclude Include="10_frustum_culling\lightclass.h">
      <Filter>Header Files</Filter>
    </ClInclude>
    <ClInclude Include="10_frustum_culling\lightshaderclass.h">
      <Filter>Header Files</Filter>
    </ClInclude>
    <ClInclude Include="10_frustum_culling\modelclass.h">
      <Filter>Header Files</Filter>
    </ClInclude>
    <ClInclude Include="10_frustum_culling\modellistclass.h">
      <Filter>Header Files</Filter>
    </ClInclude>
    <ClInclude Include="10_frustum_culling\positionclass.h">
      <Filter>Header Files</Filter>
    </ClInclude>
    <ClInclude Include="10_frustum_culling\System.h">
      <Filter>Header Files</Filter>
    </ClInclude>
    <ClInclude Include="10_frustum_culling\textclass.h">
      <Filter>Header Files</Filter>
    </ClInclude>
    <ClInclude Include="10_frustum_culling\textureclass.h">
      <Filter>Header Files</Filter>
    </ClInclude>
    <ClInclude Include="11_bump_mapping\bumpmapshaderclass.h">
      <Filter>Header Files</Filter>
    </ClInclude>
    <ClInclude Include="11_bump_mapping\Graphics.h">
      <Filter>Header Files</Filter>
    </ClInclude>
    <ClInclude Include="11_bump_mapping\lightclass.h">
      <Filter>Header Files</Filter>
    </ClInclude>
    <ClInclude Include="11_bump_mapping\modelclass.h">
      <Filter>Header Files</Filter>
    </ClInclude>
    <ClInclude Include="11_bump_mapping\System.h">
      <Filter>Header Files</Filter>
    </ClInclude>
    <ClInclude Include="11_bump_mapping\texturearrayclass.h">
      <Filter>Header Files</Filter>
    </ClInclude>
    <ClInclude Include="12_specular_mapping\Graphics.h">
      <Filter>Header Files</Filter>
    </ClInclude>
    <ClInclude Include="12_specular_mapping\lightclass.h">
      <Filter>Header Files</Filter>
    </ClInclude>
    <ClInclude Include="12_specular_mapping\modelclass.h">
      <Filter>Header Files</Filter>
    </ClInclude>
    <ClInclude Include="12_specular_mapping\specmapshaderclass.h">
      <Filter>Header Files</Filter>
    </ClInclude>
    <ClInclude Include="12_specular_mapping\System.h">
      <Filter>Header Files</Filter>
    </ClInclude>
    <ClInclude Include="12_specular_mapping\texturearrayclass.h">
      <Filter>Header Files</Filter>
    </ClInclude>
    <ClInclude Include="13_render_to_texture\debugwindowclass.h">
      <Filter>Header Files</Filter>
    </ClInclude>
    <ClInclude Include="13_render_to_texture\Graphics.h">
      <Filter>Header Files</Filter>
    </ClInclude>
    <ClInclude Include="13_render_to_texture\lightclass.h">
      <Filter>Header Files</Filter>
    </ClInclude>
    <ClInclude Include="13_render_to_texture\lightshaderclass.h">
      <Filter>Header Files</Filter>
    </ClInclude>
    <ClInclude Include="13_render_to_texture\modelclass.h">
      <Filter>Header Files</Filter>
    </ClInclude>
    <ClInclude Include="13_render_to_texture\rendertextureclass.h">
      <Filter>Header Files</Filter>
    </ClInclude>
    <ClInclude Include="13_render_to_texture\System.h">
      <Filter>Header Files</Filter>
    </ClInclude>
    <ClInclude Include="13_render_to_texture\textureclass.h">
      <Filter>Header Files</Filter>
    </ClInclude>
    <ClInclude Include="13_render_to_texture\textureshaderclass.h">
      <Filter>Header Files</Filter>
    </ClInclude>
    <ClInclude Include="14_post_process_fog\fogshaderclass.h">
      <Filter>Header Files</Filter>
    </ClInclude>
    <ClInclude Include="14_post_process_fog\Graphics.h">
      <Filter>Header Files</Filter>
    </ClInclude>
    <ClInclude Include="14_post_process_fog\modelclass.h">
      <Filter>Header Files</Filter>
    </ClInclude>
    <ClInclude Include="14_post_process_fog\System.h">
      <Filter>Header Files</Filter>
    </ClInclude>
    <ClInclude Include="14_post_process_fog\textureclass.h">
      <Filter>Header Files</Filter>
    </ClInclude>
    <ClInclude Include="15_clipping_plane\clipplaneshaderclass.h">
      <Filter>Header Files</Filter>
    </ClInclude>
    <ClInclude Include="15_clipping_plane\Graphics.h">
      <Filter>Header Files</Filter>
    </ClInclude>
    <ClInclude Include="15_clipping_plane\modelclass.h">
      <Filter>Header Files</Filter>
    </ClInclude>
    <ClInclude Include="15_clipping_plane\System.h">
      <Filter>Header Files</Filter>
    </ClInclude>
    <ClInclude Include="15_clipping_plane\textureclass.h">
      <Filter>Header Files</Filter>
    </ClInclude>
    <ClInclude Include="16_texture_translation\Graphics.h">
      <Filter>Header Files</Filter>
    </ClInclude>
    <ClInclude Include="16_texture_translation\modelclass.h">
      <Filter>Header Files</Filter>
    </ClInclude>
    <ClInclude Include="16_texture_translation\System.h">
      <Filter>Header Files</Filter>
    </ClInclude>
    <ClInclude Include="16_texture_translation\textureclass.h">
      <Filter>Header Files</Filter>
    </ClInclude>
    <ClInclude Include="16_texture_translation\translateshaderclass.h">
      <Filter>Header Files</Filter>
    </ClInclude>
    <ClInclude Include="17_transparency\Graphics.h">
      <Filter>Header Files</Filter>
    </ClInclude>
    <ClInclude Include="17_transparency\modelclass.h">
      <Filter>Header Files</Filter>
    </ClInclude>
    <ClInclude Include="17_transparency\System.h">
      <Filter>Header Files</Filter>
    </ClInclude>
    <ClInclude Include="17_transparency\textureclass.h">
      <Filter>Header Files</Filter>
    </ClInclude>
    <ClInclude Include="17_transparency\textureshaderclass.h">
      <Filter>Header Files</Filter>
    </ClInclude>
    <ClInclude Include="17_transparency\transparentshaderclass.h">
      <Filter>Header Files</Filter>
    </ClInclude>
    <ClInclude Include="18_reflection\Graphics.h">
      <Filter>Header Files</Filter>
    </ClInclude>
    <ClInclude Include="18_reflection\modelclass.h">
      <Filter>Header Files</Filter>
    </ClInclude>
    <ClInclude Include="18_reflection\reflectionshaderclass.h">
      <Filter>Header Files</Filter>
    </ClInclude>
    <ClInclude Include="18_reflection\rendertextureclass.h">
      <Filter>Header Files</Filter>
    </ClInclude>
    <ClInclude Include="18_reflection\System.h">
      <Filter>Header Files</Filter>
    </ClInclude>
    <ClInclude Include="18_reflection\textureclass.h">
      <Filter>Header Files</Filter>
    </ClInclude>
    <ClInclude Include="18_reflection\textureshaderclass.h">
      <Filter>Header Files</Filter>
    </ClInclude>
    <ClInclude Include="19_screen_fade\bitmapclass.h">
      <Filter>Header Files</Filter>
    </ClInclude>
    <ClInclude Include="19_screen_fade\fadeshaderclass.h">
      <Filter>Header Files</Filter>
    </ClInclude>
    <ClInclude Include="19_screen_fade\Graphics.h">
      <Filter>Header Files</Filter>
    </ClInclude>
    <ClInclude Include="19_screen_fade\modelclass.h">
      <Filter>Header Files</Filter>
    </ClInclude>
    <ClInclude Include="19_screen_fade\rendertextureclass.h">
      <Filter>Header Files</Filter>
    </ClInclude>
    <ClInclude Include="19_screen_fade\System.h">
      <Filter>Header Files</Filter>
    </ClInclude>
    <ClInclude Include="19_screen_fade\textureclass.h">
      <Filter>Header Files</Filter>
    </ClInclude>
    <ClInclude Include="19_screen_fade\textureshaderclass.h">
      <Filter>Header Files</Filter>
    </ClInclude>
    <ClInclude Include="20_refraction\Graphics.h">
      <Filter>Header Files</Filter>
    </ClInclude>
    <ClInclude Include="20_refraction\lightclass.h">
      <Filter>Header Files</Filter>
    </ClInclude>
    <ClInclude Include="20_refraction\lightshaderclass.h">
      <Filter>Header Files</Filter>
    </ClInclude>
    <ClInclude Include="20_refraction\modelclass.h">
      <Filter>Header Files</Filter>
    </ClInclude>
    <ClInclude Include="20_refraction\refractionshaderclass.h">
      <Filter>Header Files</Filter>
    </ClInclude>
    <ClInclude Include="20_refraction\rendertextureclass.h">
      <Filter>Header Files</Filter>
    </ClInclude>
    <ClInclude Include="20_refraction\System.h">
      <Filter>Header Files</Filter>
    </ClInclude>
    <ClInclude Include="20_refraction\textureclass.h">
      <Filter>Header Files</Filter>
    </ClInclude>
    <ClInclude Include="20_refraction\watershaderclass.h">
      <Filter>Header Files</Filter>
    </ClInclude>
    <ClInclude Include="21_multiple_pointlight\Graphics.h">
      <Filter>Header Files</Filter>
    </ClInclude>
    <ClInclude Include="21_multiple_pointlight\lightclass.h">
      <Filter>Header Files</Filter>
    </ClInclude>
    <ClInclude Include="21_multiple_pointlight\lightshaderclass.h">
      <Filter>Header Files</Filter>
    </ClInclude>
    <ClInclude Include="21_multiple_pointlight\modelclass.h">
      <Filter>Header Files</Filter>
    </ClInclude>
    <ClInclude Include="21_multiple_pointlight\System.h">
      <Filter>Header Files</Filter>
    </ClInclude>
    <ClInclude Include="21_multiple_pointlight\textureclass.h">
      <Filter>Header Files</Filter>
    </ClInclude>
    <ClInclude Include="22_glass_and_ice\glassshaderclass.h">
      <Filter>Header Files</Filter>
    </ClInclude>
    <ClInclude Include="22_glass_and_ice\Graphics.h">
      <Filter>Header Files</Filter>
    </ClInclude>
    <ClInclude Include="22_glass_and_ice\modelclass.h">
      <Filter>Header Files</Filter>
    </ClInclude>
    <ClInclude Include="22_glass_and_ice\rendertextureclass.h">
      <Filter>Header Files</Filter>
    </ClInclude>
    <ClInclude Include="22_glass_and_ice\System.h">
      <Filter>Header Files</Filter>
    </ClInclude>
    <ClInclude Include="22_glass_and_ice\textureclass.h">
      <Filter>Header Files</Filter>
    </ClInclude>
    <ClInclude Include="22_glass_and_ice\textureshaderclass.h">
      <Filter>Header Files</Filter>
    </ClInclude>
    <ClInclude Include="23_fire\fireshaderclass.h">
      <Filter>Header Files</Filter>
    </ClInclude>
    <ClInclude Include="23_fire\Graphics.h">
      <Filter>Header Files</Filter>
    </ClInclude>
    <ClInclude Include="23_fire\modelclass.h">
      <Filter>Header Files</Filter>
    </ClInclude>
    <ClInclude Include="23_fire\System.h">
      <Filter>Header Files</Filter>
    </ClInclude>
    <ClInclude Include="23_fire\textureclass.h">
      <Filter>Header Files</Filter>
    </ClInclude>
    <ClInclude Include="24_billboard\Graphics.h">
      <Filter>Header Files</Filter>
    </ClInclude>
    <ClInclude Include="24_billboard\modelclass.h">
      <Filter>Header Files</Filter>
    </ClInclude>
    <ClInclude Include="24_billboard\positionclass.h">
      <Filter>Header Files</Filter>
    </ClInclude>
    <ClInclude Include="24_billboard\System.h">
      <Filter>Header Files</Filter>
    </ClInclude>
    <ClInclude Include="24_billboard\textureclass.h">
      <Filter>Header Files</Filter>
    </ClInclude>
    <ClInclude Include="24_billboard\textureshaderclass.h">
      <Filter>Header Files</Filter>
    </ClInclude>
    <ClInclude Include="24_billboard\timerclass.h">
      <Filter>Header Files</Filter>
    </ClInclude>
    <ClInclude Include="25_depth_buffer\depthshaderclass.h">
      <Filter>Header Files</Filter>
    </ClInclude>
    <ClInclude Include="25_depth_buffer\Graphics.h">
      <Filter>Header Files</Filter>
    </ClInclude>
    <ClInclude Include="25_depth_buffer\modelclass.h">
      <Filter>Header Files</Filter>
    </ClInclude>
    <ClInclude Include="25_depth_buffer\System.h">
      <Filter>Header Files</Filter>
    </ClInclude>
    <ClInclude Include="26_blur\Graphics.h">
      <Filter>Header Files</Filter>
    </ClInclude>
    <ClInclude Include="26_blur\horizontalblurshaderclass.h">
      <Filter>Header Files</Filter>
    </ClInclude>
    <ClInclude Include="26_blur\modelclass.h">
      <Filter>Header Files</Filter>
    </ClInclude>
    <ClInclude Include="26_blur\orthowindowclass.h">
      <Filter>Header Files</Filter>
    </ClInclude>
    <ClInclude Include="26_blur\rendertextureclass.h">
      <Filter>Header Files</Filter>
    </ClInclude>
    <ClInclude Include="26_blur\System.h">
      <Filter>Header Files</Filter>
    </ClInclude>
    <ClInclude Include="26_blur\textureclass.h">
      <Filter>Header Files</Filter>
    </ClInclude>
    <ClInclude Include="26_blur\textureshaderclass.h">
      <Filter>Header Files</Filter>
    </ClInclude>
    <ClInclude Include="26_blur\verticalblurshaderclass.h">
      <Filter>Header Files</Filter>
    </ClInclude>
    <ClInclude Include="27_draw_instance\Graphics.h">
      <Filter>Header Files</Filter>
    </ClInclude>
    <ClInclude Include="27_draw_instance\modelclass.h">
      <Filter>Header Files</Filter>
    </ClInclude>
    <ClInclude Include="27_draw_instance\System.h">
      <Filter>Header Files</Filter>
    </ClInclude>
    <ClInclude Include="27_draw_instance\textureclass.h">
      <Filter>Header Files</Filter>
    </ClInclude>
    <ClInclude Include="27_draw_instance\textureshaderclass.h">
      <Filter>Header Files</Filter>
    </ClInclude>
    <ClInclude Include="28_particle\Graphics.h">
      <Filter>Header Files</Filter>
    </ClInclude>
    <ClInclude Include="28_particle\particleshaderclass.h">
      <Filter>Header Files</Filter>
    </ClInclude>
    <ClInclude Include="28_particle\particlesystemclass.h">
      <Filter>Header Files</Filter>
    </ClInclude>
    <ClInclude Include="28_particle\System.h">
      <Filter>Header Files</Filter>
    </ClInclude>
    <ClInclude Include="28_particle\textureclass.h">
      <Filter>Header Files</Filter>
    </ClInclude>
    <ClInclude Include="29_shadow_mapping\depthshaderclass.h">
      <Filter>Header Files</Filter>
    </ClInclude>
    <ClInclude Include="29_shadow_mapping\Graphics.h">
      <Filter>Header Files</Filter>
    </ClInclude>
    <ClInclude Include="29_shadow_mapping\lightclass.h">
      <Filter>Header Files</Filter>
    </ClInclude>
    <ClInclude Include="29_shadow_mapping\modelclass.h">
      <Filter>Header Files</Filter>
    </ClInclude>
    <ClInclude Include="29_shadow_mapping\positionclass.h">
      <Filter>Header Files</Filter>
    </ClInclude>
    <ClInclude Include="29_shadow_mapping\rendertextureclass.h">
      <Filter>Header Files</Filter>
    </ClInclude>
    <ClInclude Include="29_shadow_mapping\shadowshaderclass.h">
      <Filter>Header Files</Filter>
    </ClInclude>
    <ClInclude Include="29_shadow_mapping\System.h">
      <Filter>Header Files</Filter>
    </ClInclude>
    <ClInclude Include="29_shadow_mapping\textureclass.h">
      <Filter>Header Files</Filter>
    </ClInclude>
    <ClInclude Include="2_alphamap\alphamapshaderclass.h">
      <Filter>Header Files</Filter>
    </ClInclude>
    <ClInclude Include="2_alphamap\Graphics.h">
      <Filter>Header Files</Filter>
    </ClInclude>
    <ClInclude Include="2_alphamap\modelclass.h">
      <Filter>Header Files</Filter>
    </ClInclude>
    <ClInclude Include="2_alphamap\System.h">
      <Filter>Header Files</Filter>
    </ClInclude>
    <ClInclude Include="2_alphamap\texturearrayclass.h">
      <Filter>Header Files</Filter>
    </ClInclude>
    <ClInclude Include="30_multiple_light_shadow_mapping\depthshaderclass.h">
      <Filter>Header Files</Filter>
    </ClInclude>
    <ClInclude Include="30_multiple_light_shadow_mapping\Graphics.h">
      <Filter>Header Files</Filter>
    </ClInclude>
    <ClInclude Include="30_multiple_light_shadow_mapping\lightclass.h">
      <Filter>Header Files</Filter>
    </ClInclude>
    <ClInclude Include="30_multiple_light_shadow_mapping\modelclass.h">
      <Filter>Header Files</Filter>
    </ClInclude>
    <ClInclude Include="30_multiple_light_shadow_mapping\positionclass.h">
      <Filter>Header Files</Filter>
    </ClInclude>
    <ClInclude Include="30_multiple_light_shadow_mapping\rendertextureclass.h">
      <Filter>Header Files</Filter>
    </ClInclude>
    <ClInclude Include="30_multiple_light_shadow_mapping\shadowshaderclass.h">
      <Filter>Header Files</Filter>
    </ClInclude>
    <ClInclude Include="30_multiple_light_shadow_mapping\System.h">
      <Filter>Header Files</Filter>
    </ClInclude>
    <ClInclude Include="30_multiple_light_shadow_mapping\textureclass.h">
      <Filter>Header Files</Filter>
    </ClInclude>
    <ClInclude Include="31_soft_shadow\depthshader.h">
      <Filter>Header Files</Filter>
    </ClInclude>
    <ClInclude Include="31_soft_shadow\depthshaderclass.h">
      <Filter>Header Files</Filter>
    </ClInclude>
    <ClInclude Include="31_soft_shadow\GameObject.h">
      <Filter>Header Files</Filter>
    </ClInclude>
    <ClInclude Include="31_soft_shadow\Graphics.h">
      <Filter>Header Files</Filter>
    </ClInclude>
    <ClInclude Include="31_soft_shadow\horizontalblurshader.h">
      <Filter>Header Files</Filter>
    </ClInclude>
    <ClInclude Include="31_soft_shadow\horizontalblurshaderclass.h">
      <Filter>Header Files</Filter>
    </ClInclude>
    <ClInclude Include="31_soft_shadow\IRenderable.h">
      <Filter>Header Files</Filter>
    </ClInclude>
    <ClInclude Include="31_soft_shadow\IRenderGroup.h">
      <Filter>Header Files</Filter>
    </ClInclude>
    <ClInclude Include="31_soft_shadow\IShader.h">
      <Filter>Header Files</Filter>
    </ClInclude>
    <ClInclude Include="31_soft_shadow\light.h">
      <Filter>Header Files</Filter>
    </ClInclude>
    <ClInclude Include="31_soft_shadow\lightclass.h">
      <Filter>Header Files</Filter>
    </ClInclude>
    <ClInclude Include="31_soft_shadow\model.h">
      <Filter>Header Files</Filter>
    </ClInclude>
    <ClInclude Include="31_soft_shadow\modelclass.h">
      <Filter>Header Files</Filter>
    </ClInclude>
    <ClInclude Include="31_soft_shadow\orthowindow.h">
      <Filter>Header Files</Filter>
    </ClInclude>
    <ClInclude Include="31_soft_shadow\orthowindowclass.h">
      <Filter>Header Files</Filter>
    </ClInclude>
    <ClInclude Include="31_soft_shadow\pbrshader.h">
      <Filter>Header Files</Filter>
    </ClInclude>
    <ClInclude Include="31_soft_shadow\pbrshaderclass.h">
      <Filter>Header Files</Filter>
    </ClInclude>
    <ClInclude Include="31_soft_shadow\position.h">
      <Filter>Header Files</Filter>
    </ClInclude>
    <ClInclude Include="31_soft_shadow\positionclass.h">
      <Filter>Header Files</Filter>
    </ClInclude>
    <ClInclude Include="31_soft_shadow\RenderableObject.h">
      <Filter>Header Files</Filter>
    </ClInclude>
    <ClInclude Include="31_soft_shadow\RenderPass.h">
      <Filter>Header Files</Filter>
    </ClInclude>
    <ClInclude Include="31_soft_shadow\RenderPipeline.h">
      <Filter>Header Files</Filter>
    </ClInclude>
    <ClInclude Include="31_soft_shadow\RenderSystem.h">
      <Filter>Header Files</Filter>
    </ClInclude>
    <ClInclude Include="31_soft_shadow\rendertexture.h">
      <Filter>Header Files</Filter>
    </ClInclude>
    <ClInclude Include="31_soft_shadow\rendertextureclass.h">
      <Filter>Header Files</Filter>
    </ClInclude>
    <ClInclude Include="31_soft_shadow\Scene.h">
      <Filter>Header Files</Filter>
    </ClInclude>
    <ClInclude Include="31_soft_shadow\ShaderBase.h">
      <Filter>Header Files</Filter>
    </ClInclude>
    <ClInclude Include="31_soft_shadow\ShaderParameterCallback.h">
      <Filter>Header Files</Filter>
    </ClInclude>
    <ClInclude Include="31_soft_shadow\ShaderParameterContainer.h">
      <Filter>Header Files</Filter>
    </ClInclude>
    <ClInclude Include="31_soft_shadow\ShaderParameterLayout.h">
      <Filter>Header Files</Filter>
    </ClInclude>
    <ClInclude Include="31_soft_shadow\shadowshader.h">
      <Filter>Header Files</Filter>
    </ClInclude>
    <ClInclude Include="31_soft_shadow\shadowshaderclass.h">
      <Filter>Header Files</Filter>
    </ClInclude>
    <ClInclude Include="31_soft_shadow\softshadowshader.h">
      <Filter>Header Files</Filter>
    </ClInclude>
    <ClInclude Include="31_soft_shadow\softshadowshaderclass.h">
      <Filter>Header Files</Filter>
    </ClInclude>
    <ClInclude Include="31_soft_shadow\StandardRenderGroup.h">
      <Filter>Header Files</Filter>
    </ClInclude>
    <ClInclude Include="31_soft_shadow\System.h">
      <Filter>Header Files</Filter>
    </ClInclude>
    <ClInclude Include="31_soft_shadow\texture.h">
      <Filter>Header Files</Filter>
    </ClInclude>
    <ClInclude Include="31_soft_shadow\textureclass.h">
      <Filter>Header Files</Filter>
    </ClInclude>
    <ClInclude Include="31_soft_shadow\textureshader.h">
      <Filter>Header Files</Filter>
    </ClInclude>
    <ClInclude Include="31_soft_shadow\textureshaderclass.h">
      <Filter>Header Files</Filter>
    </ClInclude>
    <ClInclude Include="31_soft_shadow\verticalblurshader.h">
      <Filter>Header Files</Filter>
    </ClInclude>
    <ClInclude Include="31_soft_shadow\verticalblurshaderclass.h">
      <Filter>Header Files</Filter>
    </ClInclude>
    <ClInclude Include="32_physically _based_rendering\applicationclass.h">
      <Filter>Header Files</Filter>
    </ClInclude>
    <ClInclude Include="32_physically _based_rendering\cameraclass.h">
      <Filter>Header Files</Filter>
    </ClInclude>
    <ClInclude Include="32_physically _based_rendering\d3dclass.h">
      <Filter>Header Files</Filter>
    </ClInclude>
    <ClInclude Include="32_physically _based_rendering\inputclass.h">
      <Filter>Header Files</Filter>
    </ClInclude>
    <ClInclude Include="32_physically _based_rendering\lightclass.h">
      <Filter>Header Files</Filter>
    </ClInclude>
    <ClInclude Include="32_physically _based_rendering\modelclass.h">
      <Filter>Header Files</Filter>
    </ClInclude>
    <ClInclude Include="32_physically _based_rendering\pbrshaderclass.h">
      <Filter>Header Files</Filter>
    </ClInclude>
    <ClInclude Include="32_physically _based_rendering\systemclass.h">
      <Filter>Header Files</Filter>
    </ClInclude>
    <ClInclude Include="32_physically _based_rendering\textureclass.h">
      <Filter>Header Files</Filter>
    </ClInclude>
    <ClInclude Include="33_ssao\applicationclass.h">
      <Filter>Header Files</Filter>
    </ClInclude>
    <ClInclude Include="33_ssao\cameraclass.h">
      <Filter>Header Files</Filter>
    </ClInclude>
    <ClInclude Include="33_ssao\d3dclass.h">
      <Filter>Header Files</Filter>
    </ClInclude>
    <ClInclude Include="33_ssao\deferredbuffersclass.h">
      <Filter>Header Files</Filter>
    </ClInclude>
    <ClInclude Include="33_ssao\gbuffershaderclass.h">
      <Filter>Header Files</Filter>
    </ClInclude>
    <ClInclude Include="33_ssao\inputclass.h">
      <Filter>Header Files</Filter>
    </ClInclude>
    <ClInclude Include="33_ssao\lightclass.h">
      <Filter>Header Files</Filter>
    </ClInclude>
    <ClInclude Include="33_ssao\lightshaderclass.h">
      <Filter>Header Files</Filter>
    </ClInclude>
    <ClInclude Include="33_ssao\modelclass.h">
      <Filter>Header Files</Filter>
    </ClInclude>
    <ClInclude Include="33_ssao\orthowindowclass.h">
      <Filter>Header Files</Filter>
    </ClInclude>
    <ClInclude Include="33_ssao\rendertextureclass.h">
      <Filter>Header Files</Filter>
    </ClInclude>
    <ClInclude Include="33_ssao\ssaoblurshaderclass.h">
      <Filter>Header Files</Filter>
    </ClInclude>
    <ClInclude Include="33_ssao\ssaoshaderclass.h">
      <Filter>Header Files</Filter>
    </ClInclude>
    <ClInclude Include="33_ssao\systemclass.h">
      <Filter>Header Files</Filter>
    </ClInclude>
    <ClInclude Include="33_ssao\textureclass.h">
      <Filter>Header Files</Filter>
    </ClInclude>
    <ClInclude Include="3_triangle_with_simple_diffuse_light\Graphics.h">
      <Filter>Header Files</Filter>
    </ClInclude>
    <ClInclude Include="3_triangle_with_simple_diffuse_light\lightclass.h">
      <Filter>Header Files</Filter>
    </ClInclude>
    <ClInclude Include="3_triangle_with_simple_diffuse_light\lightshaderclass.h">
      <Filter>Header Files</Filter>
    </ClInclude>
    <ClInclude Include="3_triangle_with_simple_diffuse_light\modelclass.h">
      <Filter>Header Files</Filter>
    </ClInclude>
    <ClInclude Include="3_triangle_with_simple_diffuse_light\System.h">
      <Filter>Header Files</Filter>
    </ClInclude>
    <ClInclude Include="3_triangle_with_simple_diffuse_light\textureclass.h">
      <Filter>Header Files</Filter>
    </ClInclude>
    <ClInclude Include="4_box_with_simple_diffuse_light\GameObject.h">
      <Filter>Header Files</Filter>
    </ClInclude>
    <ClInclude Include="4_box_with_simple_diffuse_light\Graphics.h">
      <Filter>Header Files</Filter>
    </ClInclude>
    <ClInclude Include="4_box_with_simple_diffuse_light\IRenderable.h">
      <Filter>Header Files</Filter>
    </ClInclude>
    <ClInclude Include="4_box_with_simple_diffuse_light\IRenderGroup.h">
      <Filter>Header Files</Filter>
    </ClInclude>
    <ClInclude Include="4_box_with_simple_diffuse_light\IShader.h">
      <Filter>Header Files</Filter>
    </ClInclude>
    <ClInclude Include="4_box_with_simple_diffuse_light\lightclass.h">
      <Filter>Header Files</Filter>
    </ClInclude>
    <ClInclude Include="4_box_with_simple_diffuse_light\lightshaderclass.h">
      <Filter>Header Files</Filter>
    </ClInclude>
    <ClInclude Include="4_box_with_simple_diffuse_light\modelclass.h">
      <Filter>Header Files</Filter>
    </ClInclude>
    <ClInclude Include="4_box_with_simple_diffuse_light\RenderPipeline.h">
      <Filter>Header Files</Filter>
    </ClInclude>
    <ClInclude Include="4_box_with_simple_diffuse_light\RenderSystem.h">
      <Filter>Header Files</Filter>
    </ClInclude>
    <ClInclude Include="4_box_with_simple_diffuse_light\Scene.h">
      <Filter>Header Files</Filter>
    </ClInclude>
    <ClInclude Include="4_box_with_simple_diffuse_light\StandardRenderGroup.h">
      <Filter>Header Files</Filter>
    </ClInclude>
    <ClInclude Include="4_box_with_simple_diffuse_light\System.h">
      <Filter>Header Files</Filter>
    </ClInclude>
    <ClInclude Include="4_box_with_simple_diffuse_light\textureclass.h">
      <Filter>Header Files</Filter>
    </ClInclude>
    <ClInclude Include="5_box_with_diffuse_light\d3dx12.h">
      <Filter>Header Files</Filter>
    </ClInclude>
    <ClInclude Include="5_box_with_diffuse_light\dds.h">
      <Filter>Header Files</Filter>
    </ClInclude>
    <ClInclude Include="5_box_with_diffuse_light\DDSTextureLoader.h">
      <Filter>Header Files</Filter>
    </ClInclude>
    <ClInclude Include="5_box_with_diffuse_light\Graphics.h">
      <Filter>Header Files</Filter>
    </ClInclude>
    <ClInclude Include="5_box_with_diffuse_light\lightclass.h">
      <Filter>Header Files</Filter>
    </ClInclude>
    <ClInclude Include="5_box_with_diffuse_light\lightshaderclass.h">
      <Filter>Header Files</Filter>
    </ClInclude>
    <ClInclude Include="5_box_with_diffuse_light\modelclass.h">
      <Filter>Header Files</Filter>
    </ClInclude>
    <ClInclude Include="5_box_with_diffuse_light\System.h">
      <Filter>Header Files</Filter>
    </ClInclude>
    <ClInclude Include="5_box_with_diffuse_light\textureclass.h">
      <Filter>Header Files</Filter>
    </ClInclude>
    <ClInclude Include="6_box_with_specular_light\Graphics.h">
      <Filter>Header Files</Filter>
    </ClInclude>
    <ClInclude Include="6_box_with_specular_light\lightclass.h">
      <Filter>Header Files</Filter>
    </ClInclude>
    <ClInclude Include="6_box_with_specular_light\lightshaderclass.h">
      <Filter>Header Files</Filter>
    </ClInclude>
    <ClInclude Include="6_box_with_specular_light\modelclass.h">
      <Filter>Header Files</Filter>
    </ClInclude>
    <ClInclude Include="6_box_with_specular_light\System.h">
      <Filter>Header Files</Filter>
    </ClInclude>
    <ClInclude Include="6_box_with_specular_light\textureclass.h">
      <Filter>Header Files</Filter>
    </ClInclude>
    <ClInclude Include="7_lightmap\Graphics.h">
      <Filter>Header Files</Filter>
    </ClInclude>
    <ClInclude Include="7_lightmap\lightmapshaderclass.h">
      <Filter>Header Files</Filter>
    </ClInclude>
    <ClInclude Include="7_lightmap\modelclass.h">
      <Filter>Header Files</Filter>
    </ClInclude>
    <ClInclude Include="7_lightmap\System.h">
      <Filter>Header Files</Filter>
    </ClInclude>
    <ClInclude Include="7_lightmap\texturearrayclass.h">
      <Filter>Header Files</Filter>
    </ClInclude>
    <ClInclude Include="8_multitexture\Graphics.h">
      <Filter>Header Files</Filter>
    </ClInclude>
    <ClInclude Include="8_multitexture\modelclass.h">
      <Filter>Header Files</Filter>
    </ClInclude>
    <ClInclude Include="8_multitexture\multitextureshaderclass.h">
      <Filter>Header Files</Filter>
    </ClInclude>
    <ClInclude Include="8_multitexture\System.h">
      <Filter>Header Files</Filter>
    </ClInclude>
    <ClInclude Include="8_multitexture\texturearrayclass.h">
      <Filter>Header Files</Filter>
    </ClInclude>
    <ClInclude Include="9_simple_font\fontclass.h">
      <Filter>Header Files</Filter>
    </ClInclude>
    <ClInclude Include="9_simple_font\fontshaderclass.h">
      <Filter>Header Files</Filter>
    </ClInclude>
    <ClInclude Include="9_simple_font\Graphics.h">
      <Filter>Header Files</Filter>
    </ClInclude>
    <ClInclude Include="9_simple_font\System.h">
      <Filter>Header Files</Filter>
    </ClInclude>
    <ClInclude Include="9_simple_font\textclass.h">
      <Filter>Header Files</Filter>
    </ClInclude>
    <ClInclude Include="9_simple_font\textureclass.h">
      <Filter>Header Files</Filter>
    </ClInclude>
    <ClInclude Include="commonframework\Camera.h">
      <Filter>Header Files</Filter>
    </ClInclude>
    <ClInclude Include="commonframework\Cpu.h">
      <Filter>Header Files</Filter>
    </ClInclude>
    <ClInclude Include="commonframework\DirectX11Device.h">
      <Filter>Header Files</Filter>
    </ClInclude>
    <ClInclude Include="commonframework\Fps.h">
      <Filter>Header Files</Filter>
    </ClInclude>
    <ClInclude Include="commonframework\Frustum.h">
      <Filter>Header Files</Filter>
    </ClInclude>
    <ClInclude Include="commonframework\GraphicsBase.h">
      <Filter>Header Files</Filter>
    </ClInclude>
    <ClInclude Include="commonframework\Input.h">
      <Filter>Header Files</Filter>
    </ClInclude>
    <ClInclude Include="commonframework\Interface.h">
      <Filter>Header Files</Filter>
    </ClInclude>
    <ClInclude Include="commonframework\IRuntimeModule.h">
      <Filter>Header Files</Filter>
    </ClInclude>
    <ClInclude Include="commonframework\Light.h">
      <Filter>Header Files</Filter>
    </ClInclude>
    <ClInclude Include="commonframework\RasterizationStateManager.h">
      <Filter>Header Files</Filter>
    </ClInclude>
    <ClInclude Include="commonframework\Sound.h">
      <Filter>Header Files</Filter>
    </ClInclude>
    <ClInclude Include="commonframework\stdafx.h">
      <Filter>Header Files</Filter>
    </ClInclude>
    <ClInclude Include="commonframework\SystemBase.h">
      <Filter>Header Files</Filter>
    </ClInclude>
    <ClInclude Include="commonframework\targetver.h">
      <Filter>Header Files</Filter>
    </ClInclude>
    <ClInclude Include="commonframework\Timer.h">
      <Filter>Header Files</Filter>
    </ClInclude>
    <ClInclude Include="commonframework\TypeDefine.h">
      <Filter>Header Files</Filter>
    </ClInclude>
    <ClInclude Include="commonframework\WindowsApplication.h">
      <Filter>Header Files</Filter>
    </ClInclude>
    <ClInclude Include="commonframework2\Camera.h">
      <Filter>Header Files</Filter>
    </ClInclude>
    <ClInclude Include="commonframework2\Cpu.h">
      <Filter>Header Files</Filter>
    </ClInclude>
    <ClInclude Include="commonframework2\DirectX11Device.h">
      <Filter>Header Files</Filter>
    </ClInclude>
    <ClInclude Include="commonframework2\Fps.h">
      <Filter>Header Files</Filter>
    </ClInclude>
    <ClInclude Include="commonframework2\Frustum.h">
      <Filter>Header Files</Filter>
    </ClInclude>
    <ClInclude Include="commonframework2\GraphicsBase.h">
      <Filter>Header Files</Filter>
    </ClInclude>
    <ClInclude Include="commonframework2\Input.h">
      <Filter>Header Files</Filter>
    </ClInclude>
    <ClInclude Include="commonframework2\Interface.h">
      <Filter>Header Files</Filter>
    </ClInclude>
    <ClInclude Include="commonframework2\IRuntimeModule.h">
      <Filter>Header Files</Filter>
    </ClInclude>
    <ClInclude Include="commonframework2\RasterizationStateManager.h">
      <Filter>Header Files</Filter>
    </ClInclude>
    <ClInclude Include="commonframework2\stdafx.h">
      <Filter>Header Files</Filter>
    </ClInclude>
    <ClInclude Include="commonframework2\SystemBase.h">
      <Filter>Header Files</Filter>
    </ClInclude>
    <ClInclude Include="commonframework2\targetver.h">
      <Filter>Header Files</Filter>
    </ClInclude>
    <ClInclude Include="commonframework2\Timer.h">
      <Filter>Header Files</Filter>
    </ClInclude>
    <ClInclude Include="commonframework2\TypeDefine.h">
      <Filter>Header Files</Filter>
    </ClInclude>
    <ClInclude Include="commonframework2\WindowsApplication.h">
      <Filter>Header Files</Filter>
    </ClInclude>
    <ClInclude Include="tut43\Graphics.h">
      <Filter>Header Files</Filter>
    </ClInclude>
    <ClInclude Include="tut43\lightclass.h">
      <Filter>Header Files</Filter>
    </ClInclude>
    <ClInclude Include="tut43\modelclass.h">
      <Filter>Header Files</Filter>
    </ClInclude>
    <ClInclude Include="tut43\projectionshaderclass.h">
      <Filter>Header Files</Filter>
    </ClInclude>
    <ClInclude Include="tut43\System.h">
      <Filter>Header Files</Filter>
    </ClInclude>
    <ClInclude Include="tut43\textureclass.h">
      <Filter>Header Files</Filter>
    </ClInclude>
    <ClInclude Include="tut43\viewpointclass.h">
      <Filter>Header Files</Filter>
    </ClInclude>
    <ClInclude Include="tut44\Graphics.h">
      <Filter>Header Files</Filter>
    </ClInclude>
    <ClInclude Include="tut44\lightclass.h">
      <Filter>Header Files</Filter>
    </ClInclude>
    <ClInclude Include="tut44\modelclass.h">
      <Filter>Header Files</Filter>
    </ClInclude>
    <ClInclude Include="tut44\projectionshaderclass.h">
      <Filter>Header Files</Filter>
    </ClInclude>
    <ClInclude Include="tut44\System.h">
      <Filter>Header Files</Filter>
    </ClInclude>
    <ClInclude Include="tut44\textureclass.h">
      <Filter>Header Files</Filter>
    </ClInclude>
    <ClInclude Include="tut44\viewpointclass.h">
      <Filter>Header Files</Filter>
    </ClInclude>
    <ClInclude Include="tut46\bitmapclass.h">
      <Filter>Header Files</Filter>
    </ClInclude>
    <ClInclude Include="tut46\glowmapshaderclass.h">
      <Filter>Header Files</Filter>
    </ClInclude>
    <ClInclude Include="tut46\glowshaderclass.h">
      <Filter>Header Files</Filter>
    </ClInclude>
    <ClInclude Include="tut46\Graphics.h">
      <Filter>Header Files</Filter>
    </ClInclude>
    <ClInclude Include="tut46\horizontalblurshaderclass.h">
      <Filter>Header Files</Filter>
    </ClInclude>
    <ClInclude Include="tut46\orthowindowclass.h">
      <Filter>Header Files</Filter>
    </ClInclude>
    <ClInclude Include="tut46\rendertextureclass.h">
      <Filter>Header Files</Filter>
    </ClInclude>
    <ClInclude Include="tut46\System.h">
      <Filter>Header Files</Filter>
    </ClInclude>
    <ClInclude Include="tut46\textureclass.h">
      <Filter>Header Files</Filter>
    </ClInclude>
    <ClInclude Include="tut46\textureshaderclass.h">
      <Filter>Header Files</Filter>
    </ClInclude>
    <ClInclude Include="tut46\verticalblurshaderclass.h">
      <Filter>Header Files</Filter>
    </ClInclude>
    <ClInclude Include="tut47\bitmapclass.h">
      <Filter>Header Files</Filter>
    </ClInclude>
    <ClInclude Include="tut47\fontclass.h">
      <Filter>Header Files</Filter>
    </ClInclude>
    <ClInclude Include="tut47\fontshaderclass.h">
      <Filter>Header Files</Filter>
    </ClInclude>
    <ClInclude Include="tut47\Graphics.h">
      <Filter>Header Files</Filter>
    </ClInclude>
    <ClInclude Include="tut47\lightclass.h">
      <Filter>Header Files</Filter>
    </ClInclude>
    <ClInclude Include="tut47\lightshaderclass.h">
      <Filter>Header Files</Filter>
    </ClInclude>
    <ClInclude Include="tut47\modelclass.h">
      <Filter>Header Files</Filter>
    </ClInclude>
    <ClInclude Include="tut47\System.h">
      <Filter>Header Files</Filter>
    </ClInclude>
    <ClInclude Include="tut47\textclass.h">
      <Filter>Header Files</Filter>
    </ClInclude>
    <ClInclude Include="tut47\textureclass.h">
      <Filter>Header Files</Filter>
    </ClInclude>
    <ClInclude Include="tut47\textureshaderclass.h">
      <Filter>Header Files</Filter>
    </ClInclude>
    <ClInclude Include="tut48\depthshaderclass.h">
      <Filter>Header Files</Filter>
    </ClInclude>
    <ClInclude Include="tut48\Graphics.h">
      <Filter>Header Files</Filter>
    </ClInclude>
    <ClInclude Include="tut48\lightclass.h">
      <Filter>Header Files</Filter>
    </ClInclude>
    <ClInclude Include="tut48\modelclass.h">
      <Filter>Header Files</Filter>
    </ClInclude>
    <ClInclude Include="tut48\positionclass.h">
      <Filter>Header Files</Filter>
    </ClInclude>
    <ClInclude Include="tut48\rendertextureclass.h">
      <Filter>Header Files</Filter>
    </ClInclude>
    <ClInclude Include="tut48\shadowshaderclass.h">
      <Filter>Header Files</Filter>
    </ClInclude>
    <ClInclude Include="tut48\System.h">
      <Filter>Header Files</Filter>
    </ClInclude>
    <ClInclude Include="tut48\textureclass.h">
      <Filter>Header Files</Filter>
    </ClInclude>
    <ClInclude Include="tut49\depthshaderclass.h">
      <Filter>Header Files</Filter>
    </ClInclude>
    <ClInclude Include="tut49\Graphics.h">
      <Filter>Header Files</Filter>
    </ClInclude>
    <ClInclude Include="tut49\lightclass.h">
      <Filter>Header Files</Filter>
    </ClInclude>
    <ClInclude Include="tut49\modelclass.h">
      <Filter>Header Files</Filter>
    </ClInclude>
    <ClInclude Include="tut49\positionclass.h">
      <Filter>Header Files</Filter>
    </ClInclude>
    <ClInclude Include="tut49\rendertextureclass.h">
      <Filter>Header Files</Filter>
    </ClInclude>
    <ClInclude Include="tut49\shadowshaderclass.h">
      <Filter>Header Files</Filter>
    </ClInclude>
    <ClInclude Include="tut49\System.h">
      <Filter>Header Files</Filter>
    </ClInclude>
    <ClInclude Include="tut49\textureclass.h">
      <Filter>Header Files</Filter>
    </ClInclude>
    <ClInclude Include="tut49\transparentdepthshaderclass.h">
      <Filter>Header Files</Filter>
    </ClInclude>
    <ClInclude Include="tut49\treeclass.h">
      <Filter>Header Files</Filter>
    </ClInclude>
    <ClInclude Include="tut50\deferredbuffersclass.h">
      <Filter>Header Files</Filter>
    </ClInclude>
    <ClInclude Include="tut50\deferredshaderclass.h">
      <Filter>Header Files</Filter>
    </ClInclude>
    <ClInclude Include="tut50\Graphics.h">
      <Filter>Header Files</Filter>
    </ClInclude>
    <ClInclude Include="tut50\lightclass.h">
      <Filter>Header Files</Filter>
    </ClInclude>
    <ClInclude Include="tut50\lightshaderclass.h">
      <Filter>Header Files</Filter>
    </ClInclude>
    <ClInclude Include="tut50\modelclass.h">
      <Filter>Header Files</Filter>
    </ClInclude>
    <ClInclude Include="tut50\orthowindowclass.h">
      <Filter>Header Files</Filter>
    </ClInclude>
    <ClInclude Include="tut50\System.h">
      <Filter>Header Files</Filter>
    </ClInclude>
    <ClInclude Include="tut50\textureclass.h">
      <Filter>Header Files</Filter>
    </ClInclude>
  </ItemGroup>
</Project>