
Microsoft Visual Studio Solution File, Format Version 12.00
# Visual Studio Version 17
VisualStudioVersion = 17.12.35514.174 d17.12
MinimumVisualStudioVersion = 10.0.40219.1
Project("{8BC9CEB8-8B4A-11D0-8D11-00A0C91BC942}") = "10_frustum_culling", "10_frustum_culling.vcxproj", "{94E736DB-7974-42AD-8DE6-F0F6EFA0FB24}"
	ProjectSection(ProjectDependencies) = postProject
		{6FCB998B-4E37-4CAC-8C7B-55D73F23E155} = {6FCB998B-4E37-4CAC-8C7B-55D73F23E155}
	EndProjectSection
EndProject
Project("{8BC9CEB8-8B4A-11D0-8D11-00A0C91BC942}") = "common_framework2", "..\CommonFramework2\CommonFramework.vcxproj", "{6FCB998B-4E37-4CAC-8C7B-55D73F23E155}"
EndProject
Global
	GlobalSection(SolutionConfigurationPlatforms) = preSolution
		Debug|x64 = Debug|x64
		Debug|x86 = Debug|x86
		Release|x64 = Release|x64
		Release|x86 = Release|x86
	EndGlobalSection
	GlobalSection(ProjectConfigurationPlatforms) = postSolution
		{94E736DB-7974-42AD-8DE6-F0F6EFA0FB24}.Debug|x64.ActiveCfg = Debug|x64
		{94E736DB-7974-42AD-8DE6-F0F6EFA0FB24}.Debug|x64.Build.0 = Debug|x64
		{94E736DB-7974-42AD-8DE6-F0F6EFA0FB24}.Debug|x86.ActiveCfg = Debug|Win32
		{94E736DB-7974-42AD-8DE6-F0F6EFA0FB24}.Debug|x86.Build.0 = Debug|Win32
		{94E736DB-7974-42AD-8DE6-F0F6EFA0FB24}.Release|x64.ActiveCfg = Release|x64
		{94E736DB-7974-42AD-8DE6-F0F6EFA0FB24}.Release|x64.Build.0 = Release|x64
		{94E736DB-7974-42AD-8DE6-F0F6EFA0FB24}.Release|x86.ActiveCfg = Release|Win32
		{94E736DB-7974-42AD-8DE6-F0F6EFA0FB24}.Release|x86.Build.0 = Release|Win32
		{6FCB998B-4E37-4CAC-8C7B-55D73F23E155}.Debug|x64.ActiveCfg = Debug|x64
		{6FCB998B-4E37-4CAC-8C7B-55D73F23E155}.Debug|x64.Build.0 = Debug|x64
		{6FCB998B-4E37-4CAC-8C7B-55D73F23E155}.Debug|x86.ActiveCfg = Debug|Win32
		{6FCB998B-4E37-4CAC-8C7B-55D73F23E155}.Debug|x86.Build.0 = Debug|Win32
		{6FCB998B-4E37-4CAC-8C7B-55D73F23E155}.Release|x64.ActiveCfg = Release|x64
		{6FCB998B-4E37-4CAC-8C7B-55D73F23E155}.Release|x64.Build.0 = Release|x64
		{6FCB998B-4E37-4CAC-8C7B-55D73F23E155}.Release|x86.ActiveCfg = Release|Win32
		{6FCB998B-4E37-4CAC-8C7B-55D73F23E155}.Release|x86.Build.0 = Release|Win32
	EndGlobalSection
	GlobalSection(SolutionProperties) = preSolution
		HideSolutionNode = FALSE
	EndGlobalSection
	GlobalSection(ExtensibilityGlobals) = postSolution
		SolutionGuid = {8D9E099A-3BF1-4046-9B34-C89F0E61AF52}
	EndGlobalSection
EndGlobal
